// !$*UTF8*$!
{
	archiveVersion = 1;
	classes = {
	};
	objectVersion = 46;
	objects = {

/* Begin PBXBuildFile section */
		950AF2981D88CC500068F29E /* DisplayErrorViewController.swift in Sources */ = {isa = PBXBuildFile; fileRef = 950AF2971D88CC500068F29E /* DisplayErrorViewController.swift */; };
		950AF29B1D89BB7C0068F29E /* PrefPaneTableViewController.swift in Sources */ = {isa = PBXBuildFile; fileRef = 950AF29A1D89BB7C0068F29E /* PrefPaneTableViewController.swift */; };
		9525AB7D1B8622C10061A1E6 /* SelectedHackerspaceTableViewController.swift in Sources */ = {isa = PBXBuildFile; fileRef = 9525AB7C1B8622C10061A1E6 /* SelectedHackerspaceTableViewController.swift */; };
		9525AB801B868D160061A1E6 /* HSTitleTableViewCell.swift in Sources */ = {isa = PBXBuildFile; fileRef = 9525AB7F1B868D160061A1E6 /* HSTitleTableViewCell.swift */; };
		9525AB821B8748010061A1E6 /* HSMapTableViewCell.swift in Sources */ = {isa = PBXBuildFile; fileRef = 9525AB811B8748010061A1E6 /* HSMapTableViewCell.swift */; };
		952915411D5A94B20061A1E6 /* FavoriteHackerspace.swift in Sources */ = {isa = PBXBuildFile; fileRef = 952915401D5A94B20061A1E6 /* FavoriteHackerspace.swift */; };
		953161871B73B12A0061A1E6 /* extensions.swift in Sources */ = {isa = PBXBuildFile; fileRef = 953161861B73B12A0061A1E6 /* extensions.swift */; };
		954C57021E89C7C40061A1E6 /* FPUtils.swift in Sources */ = {isa = PBXBuildFile; fileRef = 954C57011E89C7C40061A1E6 /* FPUtils.swift */; };
		954F351E1D57FF0F0061A1E6 /* CustomTabBarController.swift in Sources */ = {isa = PBXBuildFile; fileRef = 954F351D1D57FF0F0061A1E6 /* CustomTabBarController.swift */; };
		95643FB31B729B3E0061A1E6 /* AppDelegate.swift in Sources */ = {isa = PBXBuildFile; fileRef = 95643FB21B729B3E0061A1E6 /* AppDelegate.swift */; };
		95643FB71B729B3E0061A1E6 /* MapViewController.swift in Sources */ = {isa = PBXBuildFile; fileRef = 95643FB61B729B3E0061A1E6 /* MapViewController.swift */; };
		95643FBA1B729B3E0061A1E6 /* Main.storyboard in Resources */ = {isa = PBXBuildFile; fileRef = 95643FB81B729B3E0061A1E6 /* Main.storyboard */; };
		95643FBC1B729B3E0061A1E6 /* Images.xcassets in Resources */ = {isa = PBXBuildFile; fileRef = 95643FBB1B729B3E0061A1E6 /* Images.xcassets */; };
		95643FBF1B729B3E0061A1E6 /* LaunchScreen.xib in Resources */ = {isa = PBXBuildFile; fileRef = 95643FBD1B729B3E0061A1E6 /* LaunchScreen.xib */; };
		95643FCB1B729B3E0061A1E6 /* HackerspacesTests.swift in Sources */ = {isa = PBXBuildFile; fileRef = 95643FCA1B729B3E0061A1E6 /* HackerspacesTests.swift */; };
		956455171F3140410061A1E6 /* Swiftz.framework in Frameworks */ = {isa = PBXBuildFile; fileRef = 956455161F3140410061A1E6 /* Swiftz.framework */; };
		956455181F3140410061A1E6 /* Swiftz.framework in Embed Frameworks */ = {isa = PBXBuildFile; fileRef = 956455161F3140410061A1E6 /* Swiftz.framework */; settings = {ATTRIBUTES = (CodeSignOnCopy, RemoveHeadersOnCopy, ); }; };
		9564551A1F3140A30061A1E6 /* Swiftz.framework in Frameworks */ = {isa = PBXBuildFile; fileRef = 956455161F3140410061A1E6 /* Swiftz.framework */; };
		9564551B1F3141ED0061A1E6 /* HSMapInfo.swift in Sources */ = {isa = PBXBuildFile; fileRef = 95DB77FC1B912B0F0061A1E6 /* HSMapInfo.swift */; };
		9564551C1F3141FD0061A1E6 /* Constants.swift in Sources */ = {isa = PBXBuildFile; fileRef = 95DB77FE1B9142D60061A1E6 /* Constants.swift */; };
		9564551D1F3142A50061A1E6 /* SpaceAPIFunctions.swift in Sources */ = {isa = PBXBuildFile; fileRef = 95ADEF981B8B53580061A1E6 /* SpaceAPIFunctions.swift */; };
		9564551E1F3142CE0061A1E6 /* FutureUtils.swift in Sources */ = {isa = PBXBuildFile; fileRef = 953C513A1B8F49190061A1E6 /* FutureUtils.swift */; };
		9564551F1F31446B0061A1E6 /* extensions.swift in Sources */ = {isa = PBXBuildFile; fileRef = 953161861B73B12A0061A1E6 /* extensions.swift */; };
		956734501F430BC10061A1E6 /* HackerspacesUITests.swift in Sources */ = {isa = PBXBuildFile; fileRef = 9567344F1F430BC10061A1E6 /* HackerspacesUITests.swift */; };
		9573A28D1B9227080061A1E6 /* HSGeneralInfoTableViewCell.swift in Sources */ = {isa = PBXBuildFile; fileRef = 9573A28C1B9227080061A1E6 /* HSGeneralInfoTableViewCell.swift */; };
		9573A2AF1B936F960061A1E6 /* RawDataTableViewCell.swift in Sources */ = {isa = PBXBuildFile; fileRef = 9573A2AE1B936F960061A1E6 /* RawDataTableViewCell.swift */; };
		957BF3E81F3918E30061A1E6 /* JSONWrapper.framework in Frameworks */ = {isa = PBXBuildFile; fileRef = 957BF3E71F3918E30061A1E6 /* JSONWrapper.framework */; };
		957BF3E91F3918E50061A1E6 /* JSONWrapper.framework in Frameworks */ = {isa = PBXBuildFile; fileRef = 957BF3E71F3918E30061A1E6 /* JSONWrapper.framework */; };
		957BF3EA1F391B490061A1E6 /* JSONWrapper.framework in Frameworks */ = {isa = PBXBuildFile; fileRef = 957BF3E71F3918E30061A1E6 /* JSONWrapper.framework */; };
		957BF3EB1F391B490061A1E6 /* JSONWrapper.framework in Embed Frameworks */ = {isa = PBXBuildFile; fileRef = 957BF3E71F3918E30061A1E6 /* JSONWrapper.framework */; settings = {ATTRIBUTES = (CodeSignOnCopy, RemoveHeadersOnCopy, ); }; };
		958B31A81C6A89DC000EF9E1 /* BrightFutures.framework in Frameworks */ = {isa = PBXBuildFile; fileRef = 95ADEF9A1B8B612F0061A1E6 /* BrightFutures.framework */; };
		958B31AB1C6A89E0000EF9E1 /* SwiftHTTP.framework in Frameworks */ = {isa = PBXBuildFile; fileRef = 95A594961B893E5E0061A1E6 /* SwiftHTTP.framework */; };
		9597A1AB1B79252F0061A1E6 /* VCMapView.swift in Sources */ = {isa = PBXBuildFile; fileRef = 9597A1AA1B79252F0061A1E6 /* VCMapView.swift */; };
		9597A1AE1B7932100061A1E6 /* DataCache.xcdatamodeld in Sources */ = {isa = PBXBuildFile; fileRef = 9597A1AC1B7932100061A1E6 /* DataCache.xcdatamodeld */; };
		959D61AE1F3B79DB0061A1E6 /* FutureUtils.swift in Sources */ = {isa = PBXBuildFile; fileRef = 953C513A1B8F49190061A1E6 /* FutureUtils.swift */; };
		959D61B01F3B7E350061A1E6 /* HSJsonParser.swift in Sources */ = {isa = PBXBuildFile; fileRef = 959D61AF1F3B7E350061A1E6 /* HSJsonParser.swift */; };
		959D61B11F3B80450061A1E6 /* HSJsonParser.swift in Sources */ = {isa = PBXBuildFile; fileRef = 959D61AF1F3B7E350061A1E6 /* HSJsonParser.swift */; };
		95A594A21B893FB60061A1E6 /* Haneke.framework.dSYM in Debug */ = {isa = PBXBuildFile; fileRef = 95A5949E1B893FB60061A1E6 /* Haneke.framework.dSYM */; };
		95A594A41B893FB60061A1E6 /* SwiftHTTP.framework.dSYM in Debug */ = {isa = PBXBuildFile; fileRef = 95A594A01B893FB60061A1E6 /* SwiftHTTP.framework.dSYM */; };
		95A594A51B893FB60061A1E6 /* Swiftz.framework.dSYM in Debug */ = {isa = PBXBuildFile; fileRef = 95A594A11B893FB60061A1E6 /* Swiftz.framework.dSYM */; };
		95ADEF991B8B53580061A1E6 /* SpaceAPIFunctions.swift in Sources */ = {isa = PBXBuildFile; fileRef = 95ADEF981B8B53580061A1E6 /* SpaceAPIFunctions.swift */; };
		95B38C4F1F62B09C0061A1E6 /* UIUtils.swift in Sources */ = {isa = PBXBuildFile; fileRef = 95B38C4E1F62B09C0061A1E6 /* UIUtils.swift */; };
		95BD26781F40AB2E0061A1E6 /* TestingUtils.swift in Sources */ = {isa = PBXBuildFile; fileRef = 95BD26771F40AB2E0061A1E6 /* TestingUtils.swift */; };
		95BD267C1F40F15F0061A1E6 /* TestingUtils.swift in Sources */ = {isa = PBXBuildFile; fileRef = 95BD26771F40AB2E0061A1E6 /* TestingUtils.swift */; };
		95BD26801F40F2530061A1E6 /* UserDefaults.swift in Sources */ = {isa = PBXBuildFile; fileRef = 95DB78001B9149660061A1E6 /* UserDefaults.swift */; };
		95BD26811F40F2530061A1E6 /* FavoriteHackerspace.swift in Sources */ = {isa = PBXBuildFile; fileRef = 952915401D5A94B20061A1E6 /* FavoriteHackerspace.swift */; };
		95BD26821F40F2530061A1E6 /* CustomTabBarController.swift in Sources */ = {isa = PBXBuildFile; fileRef = 954F351D1D57FF0F0061A1E6 /* CustomTabBarController.swift */; };
		95BD26831F40F2530061A1E6 /* FPUtils.swift in Sources */ = {isa = PBXBuildFile; fileRef = 954C57011E89C7C40061A1E6 /* FPUtils.swift */; };
		95BD268F1F40F2850061A1E6 /* HackerspaceBaseTableViewController.swift in Sources */ = {isa = PBXBuildFile; fileRef = 95DBD9511B8D0FC30061A1E6 /* HackerspaceBaseTableViewController.swift */; };
		95BD26911F40F29D0061A1E6 /* SelectedHackerspaceTableViewController.swift in Sources */ = {isa = PBXBuildFile; fileRef = 9525AB7C1B8622C10061A1E6 /* SelectedHackerspaceTableViewController.swift */; };
		95BD26941F40F40E0061A1E6 /* HSTitleTableViewCell.swift in Sources */ = {isa = PBXBuildFile; fileRef = 9525AB7F1B868D160061A1E6 /* HSTitleTableViewCell.swift */; };
		95BD26971F40F4360061A1E6 /* HSMapTableViewCell.swift in Sources */ = {isa = PBXBuildFile; fileRef = 9525AB811B8748010061A1E6 /* HSMapTableViewCell.swift */; };
		95BD26991F40F4510061A1E6 /* DisplayErrorViewController.swift in Sources */ = {isa = PBXBuildFile; fileRef = 950AF2971D88CC500068F29E /* DisplayErrorViewController.swift */; };
		95BD269B1F40F45E0061A1E6 /* HSGeneralInfoTableViewCell.swift in Sources */ = {isa = PBXBuildFile; fileRef = 9573A28C1B9227080061A1E6 /* HSGeneralInfoTableViewCell.swift */; };
		95BD26A91F41BC780061A1E6 /* Haneke.framework in Frameworks */ = {isa = PBXBuildFile; fileRef = 95BD26A81F41BC780061A1E6 /* Haneke.framework */; };
		95BD26AA1F41BC780061A1E6 /* Haneke.framework in Frameworks */ = {isa = PBXBuildFile; fileRef = 95BD26A81F41BC780061A1E6 /* Haneke.framework */; };
		95DB77FD1B912B0F0061A1E6 /* HSMapInfo.swift in Sources */ = {isa = PBXBuildFile; fileRef = 95DB77FC1B912B0F0061A1E6 /* HSMapInfo.swift */; };
		95DB77FF1B9142D60061A1E6 /* Constants.swift in Sources */ = {isa = PBXBuildFile; fileRef = 95DB77FE1B9142D60061A1E6 /* Constants.swift */; };
		95DB78011B9149660061A1E6 /* UserDefaults.swift in Sources */ = {isa = PBXBuildFile; fileRef = 95DB78001B9149660061A1E6 /* UserDefaults.swift */; };
		95DBD94C1B8CFF360061A1E6 /* Result.framework in Frameworks */ = {isa = PBXBuildFile; fileRef = 95DBD94B1B8CFF360061A1E6 /* Result.framework */; };
		95DBD9551B8D0FC30061A1E6 /* HackerspaceBaseTableViewController.swift in Sources */ = {isa = PBXBuildFile; fileRef = 95DBD9511B8D0FC30061A1E6 /* HackerspaceBaseTableViewController.swift */; };
		95DBD9561B8D0FC30061A1E6 /* SearchBarEmbeddedInNavigationBarViewController.swift in Sources */ = {isa = PBXBuildFile; fileRef = 95DBD9521B8D0FC30061A1E6 /* SearchBarEmbeddedInNavigationBarViewController.swift */; };
		95DBD95A1B8D10120061A1E6 /* SearchResultsViewController.swift in Sources */ = {isa = PBXBuildFile; fileRef = 95DBD9591B8D10120061A1E6 /* SearchResultsViewController.swift */; };
/* End PBXBuildFile section */

/* Begin PBXContainerItemProxy section */
		95643FC51B729B3E0061A1E6 /* PBXContainerItemProxy */ = {
			isa = PBXContainerItemProxy;
			containerPortal = 95643FA51B729B3E0061A1E6 /* Project object */;
			proxyType = 1;
			remoteGlobalIDString = 95643FAC1B729B3E0061A1E6;
			remoteInfo = Hackerspaces;
		};
		956734521F430BC10061A1E6 /* PBXContainerItemProxy */ = {
			isa = PBXContainerItemProxy;
			containerPortal = 95643FA51B729B3E0061A1E6 /* Project object */;
			proxyType = 1;
			remoteGlobalIDString = 95643FAC1B729B3E0061A1E6;
			remoteInfo = Hackerspaces;
		};
/* End PBXContainerItemProxy section */

/* Begin PBXCopyFilesBuildPhase section */
		956455191F3140410061A1E6 /* Embed Frameworks */ = {
			isa = PBXCopyFilesBuildPhase;
			buildActionMask = 2147483647;
			dstPath = "";
			dstSubfolderSpec = 10;
			files = (
				957BF3EB1F391B490061A1E6 /* JSONWrapper.framework in Embed Frameworks */,
				956455181F3140410061A1E6 /* Swiftz.framework in Embed Frameworks */,
			);
			name = "Embed Frameworks";
			runOnlyForDeploymentPostprocessing = 0;
		};
		95A5949D1B893F630061A1E6 /* Debug */ = {
			isa = PBXCopyFilesBuildPhase;
			buildActionMask = 2147483647;
			dstPath = "";
			dstSubfolderSpec = 16;
			files = (
				95A594A21B893FB60061A1E6 /* Haneke.framework.dSYM in Debug */,
				95A594A41B893FB60061A1E6 /* SwiftHTTP.framework.dSYM in Debug */,
				95A594A51B893FB60061A1E6 /* Swiftz.framework.dSYM in Debug */,
			);
			name = Debug;
			runOnlyForDeploymentPostprocessing = 0;
		};
/* End PBXCopyFilesBuildPhase section */

/* Begin PBXFileReference section */
		950AF2971D88CC500068F29E /* DisplayErrorViewController.swift */ = {isa = PBXFileReference; fileEncoding = 4; lastKnownFileType = sourcecode.swift; path = DisplayErrorViewController.swift; sourceTree = "<group>"; };
		950AF29A1D89BB7C0068F29E /* PrefPaneTableViewController.swift */ = {isa = PBXFileReference; fileEncoding = 4; lastKnownFileType = sourcecode.swift; path = PrefPaneTableViewController.swift; sourceTree = "<group>"; };
		9525AB7C1B8622C10061A1E6 /* SelectedHackerspaceTableViewController.swift */ = {isa = PBXFileReference; fileEncoding = 4; lastKnownFileType = sourcecode.swift; path = SelectedHackerspaceTableViewController.swift; sourceTree = "<group>"; };
		9525AB7F1B868D160061A1E6 /* HSTitleTableViewCell.swift */ = {isa = PBXFileReference; fileEncoding = 4; lastKnownFileType = sourcecode.swift; path = HSTitleTableViewCell.swift; sourceTree = "<group>"; };
		9525AB811B8748010061A1E6 /* HSMapTableViewCell.swift */ = {isa = PBXFileReference; fileEncoding = 4; lastKnownFileType = sourcecode.swift; path = HSMapTableViewCell.swift; sourceTree = "<group>"; };
		952915401D5A94B20061A1E6 /* FavoriteHackerspace.swift */ = {isa = PBXFileReference; fileEncoding = 4; lastKnownFileType = sourcecode.swift; path = FavoriteHackerspace.swift; sourceTree = "<group>"; };
		953161861B73B12A0061A1E6 /* extensions.swift */ = {isa = PBXFileReference; fileEncoding = 4; lastKnownFileType = sourcecode.swift; path = extensions.swift; sourceTree = "<group>"; };
		953C513A1B8F49190061A1E6 /* FutureUtils.swift */ = {isa = PBXFileReference; fileEncoding = 4; lastKnownFileType = sourcecode.swift; path = FutureUtils.swift; sourceTree = "<group>"; };
		954C57011E89C7C40061A1E6 /* FPUtils.swift */ = {isa = PBXFileReference; fileEncoding = 4; lastKnownFileType = sourcecode.swift; path = FPUtils.swift; sourceTree = "<group>"; };
		954F351D1D57FF0F0061A1E6 /* CustomTabBarController.swift */ = {isa = PBXFileReference; fileEncoding = 4; lastKnownFileType = sourcecode.swift; path = CustomTabBarController.swift; sourceTree = "<group>"; };
		95643FAD1B729B3E0061A1E6 /* Hackerspaces.app */ = {isa = PBXFileReference; explicitFileType = wrapper.application; includeInIndex = 0; path = Hackerspaces.app; sourceTree = BUILT_PRODUCTS_DIR; };
		95643FB11B729B3E0061A1E6 /* Info.plist */ = {isa = PBXFileReference; lastKnownFileType = text.plist.xml; path = Info.plist; sourceTree = "<group>"; };
		95643FB21B729B3E0061A1E6 /* AppDelegate.swift */ = {isa = PBXFileReference; lastKnownFileType = sourcecode.swift; path = AppDelegate.swift; sourceTree = "<group>"; };
		95643FB61B729B3E0061A1E6 /* MapViewController.swift */ = {isa = PBXFileReference; lastKnownFileType = sourcecode.swift; path = MapViewController.swift; sourceTree = "<group>"; };
		95643FB91B729B3E0061A1E6 /* Base */ = {isa = PBXFileReference; lastKnownFileType = file.storyboard; name = Base; path = Base.lproj/Main.storyboard; sourceTree = "<group>"; };
		95643FBB1B729B3E0061A1E6 /* Images.xcassets */ = {isa = PBXFileReference; lastKnownFileType = folder.assetcatalog; path = Images.xcassets; sourceTree = "<group>"; };
		95643FBE1B729B3E0061A1E6 /* Base */ = {isa = PBXFileReference; lastKnownFileType = file.xib; name = Base; path = Base.lproj/LaunchScreen.xib; sourceTree = "<group>"; };
		95643FC41B729B3E0061A1E6 /* HackerspacesTests.xctest */ = {isa = PBXFileReference; explicitFileType = wrapper.cfbundle; includeInIndex = 0; path = HackerspacesTests.xctest; sourceTree = BUILT_PRODUCTS_DIR; };
		95643FC91B729B3E0061A1E6 /* Info.plist */ = {isa = PBXFileReference; lastKnownFileType = text.plist.xml; path = Info.plist; sourceTree = "<group>"; };
		95643FCA1B729B3E0061A1E6 /* HackerspacesTests.swift */ = {isa = PBXFileReference; lastKnownFileType = sourcecode.swift; path = HackerspacesTests.swift; sourceTree = "<group>"; };
		956455161F3140410061A1E6 /* Swiftz.framework */ = {isa = PBXFileReference; lastKnownFileType = wrapper.framework; name = Swiftz.framework; path = Carthage/Build/iOS/Swiftz.framework; sourceTree = "<group>"; };
		9567344D1F430BC10061A1E6 /* HackerspacesUITests.xctest */ = {isa = PBXFileReference; explicitFileType = wrapper.cfbundle; includeInIndex = 0; path = HackerspacesUITests.xctest; sourceTree = BUILT_PRODUCTS_DIR; };
		9567344F1F430BC10061A1E6 /* HackerspacesUITests.swift */ = {isa = PBXFileReference; lastKnownFileType = sourcecode.swift; path = HackerspacesUITests.swift; sourceTree = "<group>"; };
		956734511F430BC10061A1E6 /* Info.plist */ = {isa = PBXFileReference; lastKnownFileType = text.plist.xml; path = Info.plist; sourceTree = "<group>"; };
		9573A28C1B9227080061A1E6 /* HSGeneralInfoTableViewCell.swift */ = {isa = PBXFileReference; fileEncoding = 4; lastKnownFileType = sourcecode.swift; path = HSGeneralInfoTableViewCell.swift; sourceTree = "<group>"; };
		9573A2AE1B936F960061A1E6 /* RawDataTableViewCell.swift */ = {isa = PBXFileReference; fileEncoding = 4; lastKnownFileType = sourcecode.swift; path = RawDataTableViewCell.swift; sourceTree = "<group>"; };
		957BF3E71F3918E30061A1E6 /* JSONWrapper.framework */ = {isa = PBXFileReference; lastKnownFileType = wrapper.framework; name = JSONWrapper.framework; path = Carthage/Build/iOS/JSONWrapper.framework; sourceTree = "<group>"; };
		9597A1AA1B79252F0061A1E6 /* VCMapView.swift */ = {isa = PBXFileReference; fileEncoding = 4; lastKnownFileType = sourcecode.swift; path = VCMapView.swift; sourceTree = "<group>"; };
		9597A1AD1B7932100061A1E6 /* DataCache.xcdatamodel */ = {isa = PBXFileReference; lastKnownFileType = wrapper.xcdatamodel; path = DataCache.xcdatamodel; sourceTree = "<group>"; };
		959D61AF1F3B7E350061A1E6 /* HSJsonParser.swift */ = {isa = PBXFileReference; fileEncoding = 4; lastKnownFileType = sourcecode.swift; path = HSJsonParser.swift; sourceTree = "<group>"; };
		95A594961B893E5E0061A1E6 /* SwiftHTTP.framework */ = {isa = PBXFileReference; lastKnownFileType = wrapper.framework; name = SwiftHTTP.framework; path = Carthage/Build/iOS/SwiftHTTP.framework; sourceTree = "<group>"; };
		95A5949E1B893FB60061A1E6 /* Haneke.framework.dSYM */ = {isa = PBXFileReference; lastKnownFileType = wrapper.dsym; name = Haneke.framework.dSYM; path = Carthage/Build/iOS/Haneke.framework.dSYM; sourceTree = "<group>"; };
		95A5949F1B893FB60061A1E6 /* JSONJoy.framework.dSYM */ = {isa = PBXFileReference; lastKnownFileType = wrapper.dsym; name = JSONJoy.framework.dSYM; path = Carthage/Build/iOS/JSONJoy.framework.dSYM; sourceTree = "<group>"; };
		95A594A01B893FB60061A1E6 /* SwiftHTTP.framework.dSYM */ = {isa = PBXFileReference; lastKnownFileType = wrapper.dsym; name = SwiftHTTP.framework.dSYM; path = Carthage/Build/iOS/SwiftHTTP.framework.dSYM; sourceTree = "<group>"; };
		95A594A11B893FB60061A1E6 /* Swiftz.framework.dSYM */ = {isa = PBXFileReference; lastKnownFileType = wrapper.dsym; name = Swiftz.framework.dSYM; path = Carthage/Build/iOS/Swiftz.framework.dSYM; sourceTree = "<group>"; };
		95ADEF981B8B53580061A1E6 /* SpaceAPIFunctions.swift */ = {isa = PBXFileReference; fileEncoding = 4; lastKnownFileType = sourcecode.swift; path = SpaceAPIFunctions.swift; sourceTree = "<group>"; };
		95ADEF9A1B8B612F0061A1E6 /* BrightFutures.framework */ = {isa = PBXFileReference; lastKnownFileType = wrapper.framework; name = BrightFutures.framework; path = Carthage/Build/iOS/BrightFutures.framework; sourceTree = "<group>"; };
		95B38C4E1F62B09C0061A1E6 /* UIUtils.swift */ = {isa = PBXFileReference; fileEncoding = 4; lastKnownFileType = sourcecode.swift; path = UIUtils.swift; sourceTree = "<group>"; };
		95BD266F1F40A9E90061A1E6 /* HackerspacesUITests.swift */ = {isa = PBXFileReference; lastKnownFileType = sourcecode.swift; path = HackerspacesUITests.swift; sourceTree = "<group>"; };
		95BD26711F40A9E90061A1E6 /* Info.plist */ = {isa = PBXFileReference; lastKnownFileType = text.plist.xml; path = Info.plist; sourceTree = "<group>"; };
		95BD26771F40AB2E0061A1E6 /* TestingUtils.swift */ = {isa = PBXFileReference; fileEncoding = 4; lastKnownFileType = sourcecode.swift; path = TestingUtils.swift; sourceTree = "<group>"; };
		95BD26A81F41BC780061A1E6 /* Haneke.framework */ = {isa = PBXFileReference; lastKnownFileType = wrapper.framework; name = Haneke.framework; path = Carthage/Build/iOS/Haneke.framework; sourceTree = "<group>"; };
		95DB77FC1B912B0F0061A1E6 /* HSMapInfo.swift */ = {isa = PBXFileReference; fileEncoding = 4; lastKnownFileType = sourcecode.swift; path = HSMapInfo.swift; sourceTree = "<group>"; };
		95DB77FE1B9142D60061A1E6 /* Constants.swift */ = {isa = PBXFileReference; fileEncoding = 4; lastKnownFileType = sourcecode.swift; path = Constants.swift; sourceTree = "<group>"; };
		95DB78001B9149660061A1E6 /* UserDefaults.swift */ = {isa = PBXFileReference; fileEncoding = 4; lastKnownFileType = sourcecode.swift; path = UserDefaults.swift; sourceTree = "<group>"; };
		95DBD94B1B8CFF360061A1E6 /* Result.framework */ = {isa = PBXFileReference; lastKnownFileType = wrapper.framework; name = Result.framework; path = Carthage/Build/iOS/Result.framework; sourceTree = "<group>"; };
		95DBD9511B8D0FC30061A1E6 /* HackerspaceBaseTableViewController.swift */ = {isa = PBXFileReference; fileEncoding = 4; lastKnownFileType = sourcecode.swift; path = HackerspaceBaseTableViewController.swift; sourceTree = "<group>"; };
		95DBD9521B8D0FC30061A1E6 /* SearchBarEmbeddedInNavigationBarViewController.swift */ = {isa = PBXFileReference; fileEncoding = 4; lastKnownFileType = sourcecode.swift; path = SearchBarEmbeddedInNavigationBarViewController.swift; sourceTree = "<group>"; };
		95DBD9591B8D10120061A1E6 /* SearchResultsViewController.swift */ = {isa = PBXFileReference; fileEncoding = 4; lastKnownFileType = sourcecode.swift; path = SearchResultsViewController.swift; sourceTree = "<group>"; };
/* End PBXFileReference section */

/* Begin PBXFrameworksBuildPhase section */
		95643FAA1B729B3E0061A1E6 /* Frameworks */ = {
			isa = PBXFrameworksBuildPhase;
			buildActionMask = 2147483647;
			files = (
				95BD26A91F41BC780061A1E6 /* Haneke.framework in Frameworks */,
				957BF3E81F3918E30061A1E6 /* JSONWrapper.framework in Frameworks */,
				95DBD94C1B8CFF360061A1E6 /* Result.framework in Frameworks */,
				958B31A81C6A89DC000EF9E1 /* BrightFutures.framework in Frameworks */,
				957BF3EA1F391B490061A1E6 /* JSONWrapper.framework in Frameworks */,
				956455171F3140410061A1E6 /* Swiftz.framework in Frameworks */,
				958B31AB1C6A89E0000EF9E1 /* SwiftHTTP.framework in Frameworks */,
			);
			runOnlyForDeploymentPostprocessing = 0;
		};
		95643FC11B729B3E0061A1E6 /* Frameworks */ = {
			isa = PBXFrameworksBuildPhase;
			buildActionMask = 2147483647;
			files = (
				957BF3E91F3918E50061A1E6 /* JSONWrapper.framework in Frameworks */,
				9564551A1F3140A30061A1E6 /* Swiftz.framework in Frameworks */,
				95BD26AA1F41BC780061A1E6 /* Haneke.framework in Frameworks */,
			);
			runOnlyForDeploymentPostprocessing = 0;
		};
		9567344A1F430BC10061A1E6 /* Frameworks */ = {
			isa = PBXFrameworksBuildPhase;
			buildActionMask = 2147483647;
			files = (
			);
			runOnlyForDeploymentPostprocessing = 0;
		};
/* End PBXFrameworksBuildPhase section */

/* Begin PBXGroup section */
		8178FF0F74739ED96AEB03D5 /* Frameworks */ = {
			isa = PBXGroup;
			children = (
				95BD26A81F41BC780061A1E6 /* Haneke.framework */,
				957BF3E71F3918E30061A1E6 /* JSONWrapper.framework */,
				956455161F3140410061A1E6 /* Swiftz.framework */,
				95DBD94B1B8CFF360061A1E6 /* Result.framework */,
				95ADEF9A1B8B612F0061A1E6 /* BrightFutures.framework */,
				95A594961B893E5E0061A1E6 /* SwiftHTTP.framework */,
			);
			name = Frameworks;
			sourceTree = "<group>";
		};
		950AF2961D88CC2C0068F29E /* Error display */ = {
			isa = PBXGroup;
			children = (
				950AF2971D88CC500068F29E /* DisplayErrorViewController.swift */,
			);
			name = "Error display";
			sourceTree = "<group>";
		};
		950AF2991D89BB500068F29E /* Preference pane */ = {
			isa = PBXGroup;
			children = (
				950AF29A1D89BB7C0068F29E /* PrefPaneTableViewController.swift */,
			);
			name = "Preference pane";
			sourceTree = "<group>";
		};
		9525AB7E1B8622C70061A1E6 /* Selected Hackerspace */ = {
			isa = PBXGroup;
			children = (
				9525AB7C1B8622C10061A1E6 /* SelectedHackerspaceTableViewController.swift */,
				9525AB7F1B868D160061A1E6 /* HSTitleTableViewCell.swift */,
				9525AB811B8748010061A1E6 /* HSMapTableViewCell.swift */,
				9573A28C1B9227080061A1E6 /* HSGeneralInfoTableViewCell.swift */,
				9573A2AE1B936F960061A1E6 /* RawDataTableViewCell.swift */,
			);
			name = "Selected Hackerspace";
			sourceTree = "<group>";
		};
		95643FA41B729B3E0061A1E6 = {
			isa = PBXGroup;
			children = (
				95A594A61B893FC90061A1E6 /* Debug symbols */,
				95643FAF1B729B3E0061A1E6 /* Hackerspaces */,
				95643FC71B729B3E0061A1E6 /* HackerspacesTests */,
				95BD266E1F40A9E90061A1E6 /* HackerspacesUITests */,
				9567344E1F430BC10061A1E6 /* HackerspacesUITests */,
				95643FAE1B729B3E0061A1E6 /* Products */,
				8178FF0F74739ED96AEB03D5 /* Frameworks */,
			);
			sourceTree = "<group>";
		};
		95643FAE1B729B3E0061A1E6 /* Products */ = {
			isa = PBXGroup;
			children = (
				95643FAD1B729B3E0061A1E6 /* Hackerspaces.app */,
				95643FC41B729B3E0061A1E6 /* HackerspacesTests.xctest */,
				9567344D1F430BC10061A1E6 /* HackerspacesUITests.xctest */,
			);
			name = Products;
			sourceTree = "<group>";
		};
		95643FAF1B729B3E0061A1E6 /* Hackerspaces */ = {
			isa = PBXGroup;
			children = (
				95643FB21B729B3E0061A1E6 /* AppDelegate.swift */,
				950AF2991D89BB500068F29E /* Preference pane */,
				950AF2961D88CC2C0068F29E /* Error display */,
				95D4B74D1B7D68C80061A1E6 /* Map */,
				95E4B90A1B811F150061A1E6 /* Embeded search */,
				9525AB7E1B8622C70061A1E6 /* Selected Hackerspace */,
				95DB77FE1B9142D60061A1E6 /* Constants.swift */,
				95DB78001B9149660061A1E6 /* UserDefaults.swift */,
				952915401D5A94B20061A1E6 /* FavoriteHackerspace.swift */,
				95ADEF981B8B53580061A1E6 /* SpaceAPIFunctions.swift */,
				959D61AF1F3B7E350061A1E6 /* HSJsonParser.swift */,
				95DB77FC1B912B0F0061A1E6 /* HSMapInfo.swift */,
				954F351D1D57FF0F0061A1E6 /* CustomTabBarController.swift */,
				953C513A1B8F49190061A1E6 /* FutureUtils.swift */,
				954C57011E89C7C40061A1E6 /* FPUtils.swift */,
				95B38C4E1F62B09C0061A1E6 /* UIUtils.swift */,
				953161861B73B12A0061A1E6 /* extensions.swift */,
				95BD26771F40AB2E0061A1E6 /* TestingUtils.swift */,
				95643FB81B729B3E0061A1E6 /* Main.storyboard */,
				95643FBB1B729B3E0061A1E6 /* Images.xcassets */,
				95643FBD1B729B3E0061A1E6 /* LaunchScreen.xib */,
				95643FB01B729B3E0061A1E6 /* Supporting Files */,
			);
			path = Hackerspaces;
			sourceTree = "<group>";
		};
		95643FB01B729B3E0061A1E6 /* Supporting Files */ = {
			isa = PBXGroup;
			children = (
				9597A1AC1B7932100061A1E6 /* DataCache.xcdatamodeld */,
				95643FB11B729B3E0061A1E6 /* Info.plist */,
			);
			name = "Supporting Files";
			sourceTree = "<group>";
		};
		95643FC71B729B3E0061A1E6 /* HackerspacesTests */ = {
			isa = PBXGroup;
			children = (
				95643FCA1B729B3E0061A1E6 /* HackerspacesTests.swift */,
				95643FC81B729B3E0061A1E6 /* Supporting Files */,
			);
			path = HackerspacesTests;
			sourceTree = "<group>";
		};
		95643FC81B729B3E0061A1E6 /* Supporting Files */ = {
			isa = PBXGroup;
			children = (
				95643FC91B729B3E0061A1E6 /* Info.plist */,
			);
			name = "Supporting Files";
			sourceTree = "<group>";
		};
		9567344E1F430BC10061A1E6 /* HackerspacesUITests */ = {
			isa = PBXGroup;
			children = (
				9567344F1F430BC10061A1E6 /* HackerspacesUITests.swift */,
				956734511F430BC10061A1E6 /* Info.plist */,
			);
			path = HackerspacesUITests;
			sourceTree = "<group>";
		};
		95A594A61B893FC90061A1E6 /* Debug symbols */ = {
			isa = PBXGroup;
			children = (
				95A5949E1B893FB60061A1E6 /* Haneke.framework.dSYM */,
				95A5949F1B893FB60061A1E6 /* JSONJoy.framework.dSYM */,
				95A594A01B893FB60061A1E6 /* SwiftHTTP.framework.dSYM */,
				95A594A11B893FB60061A1E6 /* Swiftz.framework.dSYM */,
			);
			name = "Debug symbols";
			sourceTree = "<group>";
		};
		95BD266E1F40A9E90061A1E6 /* HackerspacesUITests */ = {
			isa = PBXGroup;
			children = (
				95BD266F1F40A9E90061A1E6 /* HackerspacesUITests.swift */,
				95BD26711F40A9E90061A1E6 /* Info.plist */,
			);
			path = HackerspacesUITests;
			sourceTree = "<group>";
		};
		95D4B74D1B7D68C80061A1E6 /* Map */ = {
			isa = PBXGroup;
			children = (
				95643FB61B729B3E0061A1E6 /* MapViewController.swift */,
				9597A1AA1B79252F0061A1E6 /* VCMapView.swift */,
			);
			name = Map;
			sourceTree = "<group>";
		};
		95E4B90A1B811F150061A1E6 /* Embeded search */ = {
			isa = PBXGroup;
			children = (
				95DBD9511B8D0FC30061A1E6 /* HackerspaceBaseTableViewController.swift */,
				95DBD9591B8D10120061A1E6 /* SearchResultsViewController.swift */,
				95DBD9521B8D0FC30061A1E6 /* SearchBarEmbeddedInNavigationBarViewController.swift */,
			);
			name = "Embeded search";
			sourceTree = "<group>";
		};
/* End PBXGroup section */

/* Begin PBXNativeTarget section */
		95643FAC1B729B3E0061A1E6 /* Hackerspaces */ = {
			isa = PBXNativeTarget;
			buildConfigurationList = 95643FCE1B729B3E0061A1E6 /* Build configuration list for PBXNativeTarget "Hackerspaces" */;
			buildPhases = (
				95643FA91B729B3E0061A1E6 /* Sources */,
				95643FAA1B729B3E0061A1E6 /* Frameworks */,
				95643FAB1B729B3E0061A1E6 /* Resources */,
				95A5949C1B893E7E0061A1E6 /* Carthage copy-frameworks */,
				95A5949D1B893F630061A1E6 /* Debug */,
				956455191F3140410061A1E6 /* Embed Frameworks */,
			);
			buildRules = (
			);
			dependencies = (
			);
			name = Hackerspaces;
			productName = Hackerspaces;
			productReference = 95643FAD1B729B3E0061A1E6 /* Hackerspaces.app */;
			productType = "com.apple.product-type.application";
		};
		95643FC31B729B3E0061A1E6 /* HackerspacesTests */ = {
			isa = PBXNativeTarget;
			buildConfigurationList = 95643FD11B729B3E0061A1E6 /* Build configuration list for PBXNativeTarget "HackerspacesTests" */;
			buildPhases = (
				95643FC01B729B3E0061A1E6 /* Sources */,
				95643FC11B729B3E0061A1E6 /* Frameworks */,
				95643FC21B729B3E0061A1E6 /* Resources */,
			);
			buildRules = (
			);
			dependencies = (
				95643FC61B729B3E0061A1E6 /* PBXTargetDependency */,
			);
			name = HackerspacesTests;
			productName = HackerspacesTests;
			productReference = 95643FC41B729B3E0061A1E6 /* HackerspacesTests.xctest */;
			productType = "com.apple.product-type.bundle.unit-test";
		};
		9567344C1F430BC10061A1E6 /* HackerspacesUITests */ = {
			isa = PBXNativeTarget;
			buildConfigurationList = 956734541F430BC10061A1E6 /* Build configuration list for PBXNativeTarget "HackerspacesUITests" */;
			buildPhases = (
				956734491F430BC10061A1E6 /* Sources */,
				9567344A1F430BC10061A1E6 /* Frameworks */,
				9567344B1F430BC10061A1E6 /* Resources */,
			);
			buildRules = (
			);
			dependencies = (
				956734531F430BC10061A1E6 /* PBXTargetDependency */,
			);
			name = HackerspacesUITests;
			productName = HackerspacesUITests;
			productReference = 9567344D1F430BC10061A1E6 /* HackerspacesUITests.xctest */;
			productType = "com.apple.product-type.bundle.ui-testing";
		};
/* End PBXNativeTarget section */

/* Begin PBXProject section */
		95643FA51B729B3E0061A1E6 /* Project object */ = {
			isa = PBXProject;
			attributes = {
				LastSwiftUpdateCheck = 0830;
				LastUpgradeCheck = 0820;
				ORGANIZATIONNAME = Fixme;
				TargetAttributes = {
					95643FAC1B729B3E0061A1E6 = {
						CreatedOnToolsVersion = 6.4;
						DevelopmentTeam = 9PXQEQ2PNN;
						LastSwiftMigration = 0820;
						SystemCapabilities = {
							com.apple.BackgroundModes = {
								enabled = 1;
							};
						};
					};
					95643FC31B729B3E0061A1E6 = {
						CreatedOnToolsVersion = 6.4;
						LastSwiftMigration = 0820;
						TestTargetID = 95643FAC1B729B3E0061A1E6;
					};
					9567344C1F430BC10061A1E6 = {
						CreatedOnToolsVersion = 8.3.3;
						DevelopmentTeam = 9PXQEQ2PNN;
						ProvisioningStyle = Automatic;
						TestTargetID = 95643FAC1B729B3E0061A1E6;
					};
				};
			};
			buildConfigurationList = 95643FA81B729B3E0061A1E6 /* Build configuration list for PBXProject "Hackerspaces" */;
			compatibilityVersion = "Xcode 3.2";
			developmentRegion = English;
			hasScannedForEncodings = 0;
			knownRegions = (
				en,
				Base,
			);
			mainGroup = 95643FA41B729B3E0061A1E6;
			productRefGroup = 95643FAE1B729B3E0061A1E6 /* Products */;
			projectDirPath = "";
			projectRoot = "";
			targets = (
				95643FAC1B729B3E0061A1E6 /* Hackerspaces */,
				95643FC31B729B3E0061A1E6 /* HackerspacesTests */,
				9567344C1F430BC10061A1E6 /* HackerspacesUITests */,
			);
		};
/* End PBXProject section */

/* Begin PBXResourcesBuildPhase section */
		95643FAB1B729B3E0061A1E6 /* Resources */ = {
			isa = PBXResourcesBuildPhase;
			buildActionMask = 2147483647;
			files = (
				95643FBA1B729B3E0061A1E6 /* Main.storyboard in Resources */,
				95643FBF1B729B3E0061A1E6 /* LaunchScreen.xib in Resources */,
				95643FBC1B729B3E0061A1E6 /* Images.xcassets in Resources */,
			);
			runOnlyForDeploymentPostprocessing = 0;
		};
		95643FC21B729B3E0061A1E6 /* Resources */ = {
			isa = PBXResourcesBuildPhase;
			buildActionMask = 2147483647;
			files = (
			);
			runOnlyForDeploymentPostprocessing = 0;
		};
		9567344B1F430BC10061A1E6 /* Resources */ = {
			isa = PBXResourcesBuildPhase;
			buildActionMask = 2147483647;
			files = (
			);
			runOnlyForDeploymentPostprocessing = 0;
		};
/* End PBXResourcesBuildPhase section */

/* Begin PBXShellScriptBuildPhase section */
		95A5949C1B893E7E0061A1E6 /* Carthage copy-frameworks */ = {
			isa = PBXShellScriptBuildPhase;
			buildActionMask = 2147483647;
			files = (
			);
			inputPaths = (
				"$(SRCROOT)/Carthage/Build/iOS/Haneke.framework",
				"$(SRCROOT)/Carthage/Build/iOS/SwiftHTTP.framework",
				"$(SRCROOT)/Carthage/Build/iOS/Swiftz.framework",
				"$(SRCROOT)/Carthage/Build/iOS/BrightFutures.framework",
				"$(SRCROOT)/Carthage/Build/iOS/Result.framework",
			);
			name = "Carthage copy-frameworks";
			outputPaths = (
			);
			runOnlyForDeploymentPostprocessing = 0;
			shellPath = /bin/sh;
			shellScript = "/usr/local/bin/carthage copy-frameworks";
		};
/* End PBXShellScriptBuildPhase section */

/* Begin PBXSourcesBuildPhase section */
		95643FA91B729B3E0061A1E6 /* Sources */ = {
			isa = PBXSourcesBuildPhase;
			buildActionMask = 2147483647;
			files = (
				952915411D5A94B20061A1E6 /* FavoriteHackerspace.swift in Sources */,
				95BD26781F40AB2E0061A1E6 /* TestingUtils.swift in Sources */,
				954C57021E89C7C40061A1E6 /* FPUtils.swift in Sources */,
				9597A1AB1B79252F0061A1E6 /* VCMapView.swift in Sources */,
				95DBD95A1B8D10120061A1E6 /* SearchResultsViewController.swift in Sources */,
				95DBD9551B8D0FC30061A1E6 /* HackerspaceBaseTableViewController.swift in Sources */,
				95643FB71B729B3E0061A1E6 /* MapViewController.swift in Sources */,
				9525AB801B868D160061A1E6 /* HSTitleTableViewCell.swift in Sources */,
				95DB77FD1B912B0F0061A1E6 /* HSMapInfo.swift in Sources */,
				954F351E1D57FF0F0061A1E6 /* CustomTabBarController.swift in Sources */,
				9573A2AF1B936F960061A1E6 /* RawDataTableViewCell.swift in Sources */,
				95DBD9561B8D0FC30061A1E6 /* SearchBarEmbeddedInNavigationBarViewController.swift in Sources */,
				9525AB7D1B8622C10061A1E6 /* SelectedHackerspaceTableViewController.swift in Sources */,
				950AF2981D88CC500068F29E /* DisplayErrorViewController.swift in Sources */,
				95643FB31B729B3E0061A1E6 /* AppDelegate.swift in Sources */,
				9597A1AE1B7932100061A1E6 /* DataCache.xcdatamodeld in Sources */,
				959D61B01F3B7E350061A1E6 /* HSJsonParser.swift in Sources */,
				9525AB821B8748010061A1E6 /* HSMapTableViewCell.swift in Sources */,
				959D61AE1F3B79DB0061A1E6 /* FutureUtils.swift in Sources */,
				95ADEF991B8B53580061A1E6 /* SpaceAPIFunctions.swift in Sources */,
				950AF29B1D89BB7C0068F29E /* PrefPaneTableViewController.swift in Sources */,
				9573A28D1B9227080061A1E6 /* HSGeneralInfoTableViewCell.swift in Sources */,
				95DB78011B9149660061A1E6 /* UserDefaults.swift in Sources */,
				953161871B73B12A0061A1E6 /* extensions.swift in Sources */,
				95DB77FF1B9142D60061A1E6 /* Constants.swift in Sources */,
				95B38C4F1F62B09C0061A1E6 /* UIUtils.swift in Sources */,
			);
			runOnlyForDeploymentPostprocessing = 0;
		};
		95643FC01B729B3E0061A1E6 /* Sources */ = {
			isa = PBXSourcesBuildPhase;
			buildActionMask = 2147483647;
			files = (
				95BD26991F40F4510061A1E6 /* DisplayErrorViewController.swift in Sources */,
				95BD26941F40F40E0061A1E6 /* HSTitleTableViewCell.swift in Sources */,
				95BD268F1F40F2850061A1E6 /* HackerspaceBaseTableViewController.swift in Sources */,
				9564551C1F3141FD0061A1E6 /* Constants.swift in Sources */,
				9564551D1F3142A50061A1E6 /* SpaceAPIFunctions.swift in Sources */,
				9564551F1F31446B0061A1E6 /* extensions.swift in Sources */,
				95BD26831F40F2530061A1E6 /* FPUtils.swift in Sources */,
				95BD26911F40F29D0061A1E6 /* SelectedHackerspaceTableViewController.swift in Sources */,
				9564551E1F3142CE0061A1E6 /* FutureUtils.swift in Sources */,
				95BD267C1F40F15F0061A1E6 /* TestingUtils.swift in Sources */,
				95BD26821F40F2530061A1E6 /* CustomTabBarController.swift in Sources */,
				95BD26801F40F2530061A1E6 /* UserDefaults.swift in Sources */,
				95BD26811F40F2530061A1E6 /* FavoriteHackerspace.swift in Sources */,
				95643FCB1B729B3E0061A1E6 /* HackerspacesTests.swift in Sources */,
				9564551B1F3141ED0061A1E6 /* HSMapInfo.swift in Sources */,
				959D61B11F3B80450061A1E6 /* HSJsonParser.swift in Sources */,
				95BD269B1F40F45E0061A1E6 /* HSGeneralInfoTableViewCell.swift in Sources */,
				95BD26971F40F4360061A1E6 /* HSMapTableViewCell.swift in Sources */,
			);
			runOnlyForDeploymentPostprocessing = 0;
		};
		956734491F430BC10061A1E6 /* Sources */ = {
			isa = PBXSourcesBuildPhase;
			buildActionMask = 2147483647;
			files = (
				956734501F430BC10061A1E6 /* HackerspacesUITests.swift in Sources */,
			);
			runOnlyForDeploymentPostprocessing = 0;
		};
/* End PBXSourcesBuildPhase section */

/* Begin PBXTargetDependency section */
		95643FC61B729B3E0061A1E6 /* PBXTargetDependency */ = {
			isa = PBXTargetDependency;
			target = 95643FAC1B729B3E0061A1E6 /* Hackerspaces */;
			targetProxy = 95643FC51B729B3E0061A1E6 /* PBXContainerItemProxy */;
		};
		956734531F430BC10061A1E6 /* PBXTargetDependency */ = {
			isa = PBXTargetDependency;
			target = 95643FAC1B729B3E0061A1E6 /* Hackerspaces */;
			targetProxy = 956734521F430BC10061A1E6 /* PBXContainerItemProxy */;
		};
/* End PBXTargetDependency section */

/* Begin PBXVariantGroup section */
		95643FB81B729B3E0061A1E6 /* Main.storyboard */ = {
			isa = PBXVariantGroup;
			children = (
				95643FB91B729B3E0061A1E6 /* Base */,
			);
			name = Main.storyboard;
			sourceTree = "<group>";
		};
		95643FBD1B729B3E0061A1E6 /* LaunchScreen.xib */ = {
			isa = PBXVariantGroup;
			children = (
				95643FBE1B729B3E0061A1E6 /* Base */,
			);
			name = LaunchScreen.xib;
			sourceTree = "<group>";
		};
/* End PBXVariantGroup section */

/* Begin XCBuildConfiguration section */
		95643FCC1B729B3E0061A1E6 /* Debug */ = {
			isa = XCBuildConfiguration;
			buildSettings = {
				ALWAYS_SEARCH_USER_PATHS = YES;
				CLANG_CXX_LANGUAGE_STANDARD = "gnu++0x";
				CLANG_CXX_LIBRARY = "libc++";
				CLANG_ENABLE_MODULES = YES;
				CLANG_ENABLE_OBJC_ARC = YES;
				CLANG_WARN_BOOL_CONVERSION = YES;
				CLANG_WARN_CONSTANT_CONVERSION = YES;
				CLANG_WARN_DIRECT_OBJC_ISA_USAGE = YES_ERROR;
				CLANG_WARN_EMPTY_BODY = YES;
				CLANG_WARN_ENUM_CONVERSION = YES;
				CLANG_WARN_INFINITE_RECURSION = YES;
				CLANG_WARN_INT_CONVERSION = YES;
				CLANG_WARN_OBJC_ROOT_CLASS = YES_ERROR;
				CLANG_WARN_SUSPICIOUS_MOVE = YES;
				CLANG_WARN_UNREACHABLE_CODE = YES;
				CLANG_WARN__DUPLICATE_METHOD_MATCH = YES;
				"CODE_SIGN_IDENTITY[sdk=iphoneos*]" = "iPhone Developer";
				COPY_PHASE_STRIP = NO;
				DEBUG_INFORMATION_FORMAT = "dwarf-with-dsym";
				ENABLE_STRICT_OBJC_MSGSEND = YES;
				ENABLE_TESTABILITY = YES;
				GCC_C_LANGUAGE_STANDARD = gnu99;
				GCC_DYNAMIC_NO_PIC = NO;
				GCC_NO_COMMON_BLOCKS = YES;
				GCC_OPTIMIZATION_LEVEL = 0;
				GCC_PREPROCESSOR_DEFINITIONS = (
					"DEBUG=1",
					"$(inherited)",
				);
				GCC_SYMBOLS_PRIVATE_EXTERN = NO;
				GCC_WARN_64_TO_32_BIT_CONVERSION = YES;
				GCC_WARN_ABOUT_RETURN_TYPE = YES_ERROR;
				GCC_WARN_UNDECLARED_SELECTOR = YES;
				GCC_WARN_UNINITIALIZED_AUTOS = YES_AGGRESSIVE;
				GCC_WARN_UNUSED_FUNCTION = YES;
				GCC_WARN_UNUSED_VARIABLE = YES;
				IPHONEOS_DEPLOYMENT_TARGET = 9.1;
				MTL_ENABLE_DEBUG_INFO = YES;
				ONLY_ACTIVE_ARCH = YES;
				SDKROOT = iphoneos;
				SWIFT_OPTIMIZATION_LEVEL = "-Onone";
				TARGETED_DEVICE_FAMILY = "1,2";
			};
			name = Debug;
		};
		95643FCD1B729B3E0061A1E6 /* Release */ = {
			isa = XCBuildConfiguration;
			buildSettings = {
				ALWAYS_SEARCH_USER_PATHS = YES;
				CLANG_CXX_LANGUAGE_STANDARD = "gnu++0x";
				CLANG_CXX_LIBRARY = "libc++";
				CLANG_ENABLE_MODULES = YES;
				CLANG_ENABLE_OBJC_ARC = YES;
				CLANG_WARN_BOOL_CONVERSION = YES;
				CLANG_WARN_CONSTANT_CONVERSION = YES;
				CLANG_WARN_DIRECT_OBJC_ISA_USAGE = YES_ERROR;
				CLANG_WARN_EMPTY_BODY = YES;
				CLANG_WARN_ENUM_CONVERSION = YES;
				CLANG_WARN_INFINITE_RECURSION = YES;
				CLANG_WARN_INT_CONVERSION = YES;
				CLANG_WARN_OBJC_ROOT_CLASS = YES_ERROR;
				CLANG_WARN_SUSPICIOUS_MOVE = YES;
				CLANG_WARN_UNREACHABLE_CODE = YES;
				CLANG_WARN__DUPLICATE_METHOD_MATCH = YES;
				"CODE_SIGN_IDENTITY[sdk=iphoneos*]" = "iPhone Developer";
				COPY_PHASE_STRIP = NO;
				DEBUG_INFORMATION_FORMAT = "dwarf-with-dsym";
				ENABLE_NS_ASSERTIONS = NO;
				ENABLE_STRICT_OBJC_MSGSEND = YES;
				GCC_C_LANGUAGE_STANDARD = gnu99;
				GCC_NO_COMMON_BLOCKS = YES;
				GCC_WARN_64_TO_32_BIT_CONVERSION = YES;
				GCC_WARN_ABOUT_RETURN_TYPE = YES_ERROR;
				GCC_WARN_UNDECLARED_SELECTOR = YES;
				GCC_WARN_UNINITIALIZED_AUTOS = YES_AGGRESSIVE;
				GCC_WARN_UNUSED_FUNCTION = YES;
				GCC_WARN_UNUSED_VARIABLE = YES;
				IPHONEOS_DEPLOYMENT_TARGET = 9.1;
				MTL_ENABLE_DEBUG_INFO = NO;
				SDKROOT = iphoneos;
				SWIFT_OPTIMIZATION_LEVEL = "-Owholemodule";
				TARGETED_DEVICE_FAMILY = "1,2";
				VALIDATE_PRODUCT = YES;
			};
			name = Release;
		};
		95643FCF1B729B3E0061A1E6 /* Debug */ = {
			isa = XCBuildConfiguration;
			buildSettings = {
				ASSETCATALOG_COMPILER_APPICON_NAME = AppIcon;
				CODE_SIGN_IDENTITY = "iPhone Developer";
				"CODE_SIGN_IDENTITY[sdk=iphoneos*]" = "iPhone Developer";
				FRAMEWORK_SEARCH_PATHS = (
					"$(PROJECT_DIR)/Carthage/Build/iOS/",
					"$(PROJECT_DIR)/Carthage/Build/iOS/",
					"$(PROJECT_DIR)/Carthage/Build/iOS/",
					"$(PROJECT_DIR)/Carthage/Build/iOS/",
					"$(PROJECT_DIR)/Carthage/Build/iOS/",
					"$(PROJECT_DIR)/Carthage/Build/iOS/",
					"$(PROJECT_DIR)/Carthage/Build/iOS",
				);
				INFOPLIST_FILE = Hackerspaces/Info.plist;
				IPHONEOS_DEPLOYMENT_TARGET = 9.1;
				LD_RUNPATH_SEARCH_PATHS = "$(inherited) @executable_path/Frameworks";
				PRODUCT_BUNDLE_IDENTIFIER = "moe.zephyz.$(PRODUCT_NAME:rfc1034identifier)";
				PRODUCT_NAME = "$(TARGET_NAME)";
				PROVISIONING_PROFILE = "";
				SWIFT_VERSION = 3.0;
				TARGETED_DEVICE_FAMILY = 1;
			};
			name = Debug;
		};
		95643FD01B729B3E0061A1E6 /* Release */ = {
			isa = XCBuildConfiguration;
			buildSettings = {
				ASSETCATALOG_COMPILER_APPICON_NAME = AppIcon;
				CODE_SIGN_IDENTITY = "iPhone Developer";
				"CODE_SIGN_IDENTITY[sdk=iphoneos*]" = "iPhone Developer";
				FRAMEWORK_SEARCH_PATHS = (
					"$(PROJECT_DIR)/Carthage/Build/iOS/",
					"$(PROJECT_DIR)/Carthage/Build/iOS/",
					"$(PROJECT_DIR)/Carthage/Build/iOS/",
					"$(PROJECT_DIR)/Carthage/Build/iOS/",
					"$(PROJECT_DIR)/Carthage/Build/iOS/",
					"$(PROJECT_DIR)/Carthage/Build/iOS/",
					"$(PROJECT_DIR)/Carthage/Build/iOS",
				);
				INFOPLIST_FILE = Hackerspaces/Info.plist;
				IPHONEOS_DEPLOYMENT_TARGET = 9.1;
				LD_RUNPATH_SEARCH_PATHS = "$(inherited) @executable_path/Frameworks";
				PRODUCT_BUNDLE_IDENTIFIER = "moe.zephyz.$(PRODUCT_NAME:rfc1034identifier)";
				PRODUCT_NAME = "$(TARGET_NAME)";
				PROVISIONING_PROFILE = "";
				SWIFT_VERSION = 3.0;
				TARGETED_DEVICE_FAMILY = 1;
			};
			name = Release;
		};
		95643FD21B729B3E0061A1E6 /* Debug */ = {
			isa = XCBuildConfiguration;
			buildSettings = {
				BUNDLE_LOADER = "$(TEST_HOST)";
				FRAMEWORK_SEARCH_PATHS = (
					"$(inherited)",
					"$(PROJECT_DIR)/Carthage/Build/iOS",
				);
				GCC_PREPROCESSOR_DEFINITIONS = (
					"DEBUG=1",
					"$(inherited)",
				);
				INFOPLIST_FILE = HackerspacesTests/Info.plist;
				LD_RUNPATH_SEARCH_PATHS = "$(inherited) @executable_path/Frameworks @loader_path/Frameworks";
				PRODUCT_BUNDLE_IDENTIFIER = "ch.fixme.$(PRODUCT_NAME:rfc1034identifier)";
				PRODUCT_NAME = "$(TARGET_NAME)";
				SWIFT_VERSION = 3.0;
				TEST_HOST = "$(BUILT_PRODUCTS_DIR)/Hackerspaces.app/Hackerspaces";
			};
			name = Debug;
		};
		95643FD31B729B3E0061A1E6 /* Release */ = {
			isa = XCBuildConfiguration;
			buildSettings = {
				BUNDLE_LOADER = "$(TEST_HOST)";
				FRAMEWORK_SEARCH_PATHS = (
					"$(inherited)",
					"$(PROJECT_DIR)/Carthage/Build/iOS",
				);
				INFOPLIST_FILE = HackerspacesTests/Info.plist;
				LD_RUNPATH_SEARCH_PATHS = "$(inherited) @executable_path/Frameworks @loader_path/Frameworks";
				PRODUCT_BUNDLE_IDENTIFIER = "ch.fixme.$(PRODUCT_NAME:rfc1034identifier)";
				PRODUCT_NAME = "$(TARGET_NAME)";
				SWIFT_VERSION = 3.0;
				TEST_HOST = "$(BUILT_PRODUCTS_DIR)/Hackerspaces.app/Hackerspaces";
			};
			name = Release;
		};
		956734551F430BC10061A1E6 /* Debug */ = {
			isa = XCBuildConfiguration;
			buildSettings = {
				ALWAYS_SEARCH_USER_PATHS = NO;
				CLANG_ANALYZER_NONNULL = YES;
				CLANG_ANALYZER_NUMBER_OBJECT_CONVERSION = YES_AGGRESSIVE;
				CLANG_WARN_DOCUMENTATION_COMMENTS = YES;
				DEBUG_INFORMATION_FORMAT = dwarf;
				DEVELOPMENT_TEAM = 9PXQEQ2PNN;
				INFOPLIST_FILE = HackerspacesUITests/Info.plist;
				IPHONEOS_DEPLOYMENT_TARGET = 10.3;
				LD_RUNPATH_SEARCH_PATHS = "$(inherited) @executable_path/Frameworks @loader_path/Frameworks";
				PRODUCT_BUNDLE_IDENTIFIER = moe.zephyz.Hackerspaces.HackerspacesUITests;
				PRODUCT_NAME = "$(TARGET_NAME)";
				SWIFT_ACTIVE_COMPILATION_CONDITIONS = DEBUG;
				SWIFT_VERSION = 3.0;
				TEST_TARGET_NAME = Hackerspaces;
			};
			name = Debug;
		};
		956734561F430BC10061A1E6 /* Release */ = {
			isa = XCBuildConfiguration;
			buildSettings = {
				ALWAYS_SEARCH_USER_PATHS = NO;
				CLANG_ANALYZER_NONNULL = YES;
				CLANG_ANALYZER_NUMBER_OBJECT_CONVERSION = YES_AGGRESSIVE;
				CLANG_WARN_DOCUMENTATION_COMMENTS = YES;
				DEVELOPMENT_TEAM = 9PXQEQ2PNN;
				INFOPLIST_FILE = HackerspacesUITests/Info.plist;
				IPHONEOS_DEPLOYMENT_TARGET = 10.3;
				LD_RUNPATH_SEARCH_PATHS = "$(inherited) @executable_path/Frameworks @loader_path/Frameworks";
				PRODUCT_BUNDLE_IDENTIFIER = moe.zephyz.Hackerspaces.HackerspacesUITests;
				PRODUCT_NAME = "$(TARGET_NAME)";
				SWIFT_VERSION = 3.0;
				TEST_TARGET_NAME = Hackerspaces;
			};
			name = Release;
		};
/* End XCBuildConfiguration section */

/* Begin XCConfigurationList section */
		95643FA81B729B3E0061A1E6 /* Build configuration list for PBXProject "Hackerspaces" */ = {
			isa = XCConfigurationList;
			buildConfigurations = (
				95643FCC1B729B3E0061A1E6 /* Debug */,
				95643FCD1B729B3E0061A1E6 /* Release */,
			);
			defaultConfigurationIsVisible = 0;
			defaultConfigurationName = Release;
		};
		95643FCE1B729B3E0061A1E6 /* Build configuration list for PBXNativeTarget "Hackerspaces" */ = {
			isa = XCConfigurationList;
			buildConfigurations = (
				95643FCF1B729B3E0061A1E6 /* Debug */,
				95643FD01B729B3E0061A1E6 /* Release */,
			);
			defaultConfigurationIsVisible = 0;
			defaultConfigurationName = Release;
		};
		95643FD11B729B3E0061A1E6 /* Build configuration list for PBXNativeTarget "HackerspacesTests" */ = {
			isa = XCConfigurationList;
			buildConfigurations = (
				95643FD21B729B3E0061A1E6 /* Debug */,
				95643FD31B729B3E0061A1E6 /* Release */,
			);
			defaultConfigurationIsVisible = 0;
			defaultConfigurationName = Release;
		};
		956734541F430BC10061A1E6 /* Build configuration list for PBXNativeTarget "HackerspacesUITests" */ = {
			isa = XCConfigurationList;
			buildConfigurations = (
				956734551F430BC10061A1E6 /* Debug */,
				956734561F430BC10061A1E6 /* Release */,
			);
			defaultConfigurationIsVisible = 0;
			defaultConfigurationName = Release;
		};
/* End XCConfigurationList section */

/* Begin XCVersionGroup section */
		9597A1AC1B7932100061A1E6 /* DataCache.xcdatamodeld */ = {
			isa = XCVersionGroup;
			children = (
				9597A1AD1B7932100061A1E6 /* DataCache.xcdatamodel */,
			);
			currentVersion = 9597A1AD1B7932100061A1E6 /* DataCache.xcdatamodel */;
			path = DataCache.xcdatamodeld;
			sourceTree = "<group>";
			versionGroupType = wrapper.xcdatamodel;
		};
/* End XCVersionGroup section */
	};
	rootObject = 95643FA51B729B3E0061A1E6 /* Project object */;
}
