// !$*UTF8*$!
{
	archiveVersion = 1;
	classes = {
	};
	objectVersion = 46;
	objects = {

/* Begin PBXBuildFile section */
		9525AB7D1B8622C10061A1E6 /* FavoriteHackerspaceTableViewController.swift in Sources */ = {isa = PBXBuildFile; fileRef = 9525AB7C1B8622C10061A1E6 /* FavoriteHackerspaceTableViewController.swift */; };
		9525AB801B868D160061A1E6 /* HackerspaceTitleTableViewCell.swift in Sources */ = {isa = PBXBuildFile; fileRef = 9525AB7F1B868D160061A1E6 /* HackerspaceTitleTableViewCell.swift */; };
		9525AB821B8748010061A1E6 /* HackerspaceMapTableViewCell.swift in Sources */ = {isa = PBXBuildFile; fileRef = 9525AB811B8748010061A1E6 /* HackerspaceMapTableViewCell.swift */; };
		9525AB841B8889D50061A1E6 /* hackerspaceDataFunctions.swift in Sources */ = {isa = PBXBuildFile; fileRef = 9525AB831B8889D50061A1E6 /* hackerspaceDataFunctions.swift */; };
		953161871B73B12A0061A1E6 /* extensions.swift in Sources */ = {isa = PBXBuildFile; fileRef = 953161861B73B12A0061A1E6 /* extensions.swift */; };
		953C513B1B8F49190061A1E6 /* FutureUtils.swift in Sources */ = {isa = PBXBuildFile; fileRef = 953C513A1B8F49190061A1E6 /* FutureUtils.swift */; };
		95643FB31B729B3E0061A1E6 /* AppDelegate.swift in Sources */ = {isa = PBXBuildFile; fileRef = 95643FB21B729B3E0061A1E6 /* AppDelegate.swift */; };
		95643FB71B729B3E0061A1E6 /* MapViewController.swift in Sources */ = {isa = PBXBuildFile; fileRef = 95643FB61B729B3E0061A1E6 /* MapViewController.swift */; };
		95643FBA1B729B3E0061A1E6 /* Main.storyboard in Resources */ = {isa = PBXBuildFile; fileRef = 95643FB81B729B3E0061A1E6 /* Main.storyboard */; };
		95643FBC1B729B3E0061A1E6 /* Images.xcassets in Resources */ = {isa = PBXBuildFile; fileRef = 95643FBB1B729B3E0061A1E6 /* Images.xcassets */; };
		95643FBF1B729B3E0061A1E6 /* LaunchScreen.xib in Resources */ = {isa = PBXBuildFile; fileRef = 95643FBD1B729B3E0061A1E6 /* LaunchScreen.xib */; };
		95643FCB1B729B3E0061A1E6 /* HackerspacesTests.swift in Sources */ = {isa = PBXBuildFile; fileRef = 95643FCA1B729B3E0061A1E6 /* HackerspacesTests.swift */; };
		9597A1A91B7921090061A1E6 /* MapArtwork.swift in Sources */ = {isa = PBXBuildFile; fileRef = 9597A1A81B7921090061A1E6 /* MapArtwork.swift */; };
		9597A1AB1B79252F0061A1E6 /* VCMapView.swift in Sources */ = {isa = PBXBuildFile; fileRef = 9597A1AA1B79252F0061A1E6 /* VCMapView.swift */; };
		9597A1AE1B7932100061A1E6 /* DataCache.xcdatamodeld in Sources */ = {isa = PBXBuildFile; fileRef = 9597A1AC1B7932100061A1E6 /* DataCache.xcdatamodeld */; };
		95A594A21B893FB60061A1E6 /* Haneke.framework.dSYM in Debug */ = {isa = PBXBuildFile; fileRef = 95A5949E1B893FB60061A1E6 /* Haneke.framework.dSYM */; };
		95A594A31B893FB60061A1E6 /* JSONJoy.framework.dSYM in Debug */ = {isa = PBXBuildFile; fileRef = 95A5949F1B893FB60061A1E6 /* JSONJoy.framework.dSYM */; };
		95A594A41B893FB60061A1E6 /* SwiftHTTP.framework.dSYM in Debug */ = {isa = PBXBuildFile; fileRef = 95A594A01B893FB60061A1E6 /* SwiftHTTP.framework.dSYM */; };
		95A594A51B893FB60061A1E6 /* Swiftz.framework.dSYM in Debug */ = {isa = PBXBuildFile; fileRef = 95A594A11B893FB60061A1E6 /* Swiftz.framework.dSYM */; };
		95ADEF991B8B53580061A1E6 /* HackerspaceAPIFunctions.swift in Sources */ = {isa = PBXBuildFile; fileRef = 95ADEF981B8B53580061A1E6 /* HackerspaceAPIFunctions.swift */; };
		95DBD9461B8CFF360061A1E6 /* BrightFutures.framework in Frameworks */ = {isa = PBXBuildFile; fileRef = 95ADEF9A1B8B612F0061A1E6 /* BrightFutures.framework */; };
		95DBD9471B8CFF360061A1E6 /* Haneke.framework in Frameworks */ = {isa = PBXBuildFile; fileRef = 95A594941B893E5E0061A1E6 /* Haneke.framework */; };
		95DBD9481B8CFF360061A1E6 /* JSONJoy.framework in Frameworks */ = {isa = PBXBuildFile; fileRef = 95A594951B893E5E0061A1E6 /* JSONJoy.framework */; };
		95DBD9491B8CFF360061A1E6 /* SwiftHTTP.framework in Frameworks */ = {isa = PBXBuildFile; fileRef = 95A594961B893E5E0061A1E6 /* SwiftHTTP.framework */; };
		95DBD94A1B8CFF360061A1E6 /* Swiftz.framework in Frameworks */ = {isa = PBXBuildFile; fileRef = 95A594971B893E5E0061A1E6 /* Swiftz.framework */; };
		95DBD94C1B8CFF360061A1E6 /* Result.framework in Frameworks */ = {isa = PBXBuildFile; fileRef = 95DBD94B1B8CFF360061A1E6 /* Result.framework */; };
		95DBD94E1B8CFF3E0061A1E6 /* Box.framework in Frameworks */ = {isa = PBXBuildFile; fileRef = 95DBD94D1B8CFF3E0061A1E6 /* Box.framework */; };
		95DBD9531B8D0FC30061A1E6 /* DefaultSearchBarViewController.swift in Sources */ = {isa = PBXBuildFile; fileRef = 95DBD94F1B8D0FC30061A1E6 /* DefaultSearchBarViewController.swift */; };
		95DBD9551B8D0FC30061A1E6 /* SearchControllerBaseViewController.swift in Sources */ = {isa = PBXBuildFile; fileRef = 95DBD9511B8D0FC30061A1E6 /* SearchControllerBaseViewController.swift */; };
		95DBD9561B8D0FC30061A1E6 /* SearchBarEmbeddedInNavigationBarViewController.swift in Sources */ = {isa = PBXBuildFile; fileRef = 95DBD9521B8D0FC30061A1E6 /* SearchBarEmbeddedInNavigationBarViewController.swift */; };
		95DBD9581B8D0FF20061A1E6 /* SearchShowResultsInSourceViewController.swift in Sources */ = {isa = PBXBuildFile; fileRef = 95DBD9571B8D0FF20061A1E6 /* SearchShowResultsInSourceViewController.swift */; };
		95DBD95A1B8D10120061A1E6 /* SearchResultsViewController.swift in Sources */ = {isa = PBXBuildFile; fileRef = 95DBD9591B8D10120061A1E6 /* SearchResultsViewController.swift */; };
/* End PBXBuildFile section */

/* Begin PBXContainerItemProxy section */
		95643FC51B729B3E0061A1E6 /* PBXContainerItemProxy */ = {
			isa = PBXContainerItemProxy;
			containerPortal = 95643FA51B729B3E0061A1E6 /* Project object */;
			proxyType = 1;
			remoteGlobalIDString = 95643FAC1B729B3E0061A1E6;
			remoteInfo = Hackerspaces;
		};
/* End PBXContainerItemProxy section */

/* Begin PBXCopyFilesBuildPhase section */
		95A5949D1B893F630061A1E6 /* Debug */ = {
			isa = PBXCopyFilesBuildPhase;
			buildActionMask = 2147483647;
			dstPath = "";
			dstSubfolderSpec = 16;
			files = (
				95A594A21B893FB60061A1E6 /* Haneke.framework.dSYM in Debug */,
				95A594A31B893FB60061A1E6 /* JSONJoy.framework.dSYM in Debug */,
				95A594A41B893FB60061A1E6 /* SwiftHTTP.framework.dSYM in Debug */,
				95A594A51B893FB60061A1E6 /* Swiftz.framework.dSYM in Debug */,
			);
			name = Debug;
			runOnlyForDeploymentPostprocessing = 0;
		};
/* End PBXCopyFilesBuildPhase section */

/* Begin PBXFileReference section */
		9525AB7C1B8622C10061A1E6 /* FavoriteHackerspaceTableViewController.swift */ = {isa = PBXFileReference; fileEncoding = 4; lastKnownFileType = sourcecode.swift; path = FavoriteHackerspaceTableViewController.swift; sourceTree = "<group>"; };
		9525AB7F1B868D160061A1E6 /* HackerspaceTitleTableViewCell.swift */ = {isa = PBXFileReference; fileEncoding = 4; lastKnownFileType = sourcecode.swift; path = HackerspaceTitleTableViewCell.swift; sourceTree = "<group>"; };
		9525AB811B8748010061A1E6 /* HackerspaceMapTableViewCell.swift */ = {isa = PBXFileReference; fileEncoding = 4; lastKnownFileType = sourcecode.swift; path = HackerspaceMapTableViewCell.swift; sourceTree = "<group>"; };
		9525AB831B8889D50061A1E6 /* hackerspaceDataFunctions.swift */ = {isa = PBXFileReference; fileEncoding = 4; lastKnownFileType = sourcecode.swift; path = hackerspaceDataFunctions.swift; sourceTree = "<group>"; };
		953161861B73B12A0061A1E6 /* extensions.swift */ = {isa = PBXFileReference; fileEncoding = 4; lastKnownFileType = sourcecode.swift; path = extensions.swift; sourceTree = "<group>"; };
		953C513A1B8F49190061A1E6 /* FutureUtils.swift */ = {isa = PBXFileReference; fileEncoding = 4; lastKnownFileType = sourcecode.swift; path = FutureUtils.swift; sourceTree = "<group>"; };
		95643FAD1B729B3E0061A1E6 /* Hackerspaces.app */ = {isa = PBXFileReference; explicitFileType = wrapper.application; includeInIndex = 0; path = Hackerspaces.app; sourceTree = BUILT_PRODUCTS_DIR; };
		95643FB11B729B3E0061A1E6 /* Info.plist */ = {isa = PBXFileReference; lastKnownFileType = text.plist.xml; path = Info.plist; sourceTree = "<group>"; };
		95643FB21B729B3E0061A1E6 /* AppDelegate.swift */ = {isa = PBXFileReference; lastKnownFileType = sourcecode.swift; path = AppDelegate.swift; sourceTree = "<group>"; };
		95643FB61B729B3E0061A1E6 /* MapViewController.swift */ = {isa = PBXFileReference; lastKnownFileType = sourcecode.swift; path = MapViewController.swift; sourceTree = "<group>"; };
		95643FB91B729B3E0061A1E6 /* Base */ = {isa = PBXFileReference; lastKnownFileType = file.storyboard; name = Base; path = Base.lproj/Main.storyboard; sourceTree = "<group>"; };
		95643FBB1B729B3E0061A1E6 /* Images.xcassets */ = {isa = PBXFileReference; lastKnownFileType = folder.assetcatalog; path = Images.xcassets; sourceTree = "<group>"; };
		95643FBE1B729B3E0061A1E6 /* Base */ = {isa = PBXFileReference; lastKnownFileType = file.xib; name = Base; path = Base.lproj/LaunchScreen.xib; sourceTree = "<group>"; };
		95643FC41B729B3E0061A1E6 /* HackerspacesTests.xctest */ = {isa = PBXFileReference; explicitFileType = wrapper.cfbundle; includeInIndex = 0; path = HackerspacesTests.xctest; sourceTree = BUILT_PRODUCTS_DIR; };
		95643FC91B729B3E0061A1E6 /* Info.plist */ = {isa = PBXFileReference; lastKnownFileType = text.plist.xml; path = Info.plist; sourceTree = "<group>"; };
		95643FCA1B729B3E0061A1E6 /* HackerspacesTests.swift */ = {isa = PBXFileReference; lastKnownFileType = sourcecode.swift; path = HackerspacesTests.swift; sourceTree = "<group>"; };
		9597A1A81B7921090061A1E6 /* MapArtwork.swift */ = {isa = PBXFileReference; fileEncoding = 4; lastKnownFileType = sourcecode.swift; path = MapArtwork.swift; sourceTree = "<group>"; };
		9597A1AA1B79252F0061A1E6 /* VCMapView.swift */ = {isa = PBXFileReference; fileEncoding = 4; lastKnownFileType = sourcecode.swift; path = VCMapView.swift; sourceTree = "<group>"; };
		9597A1AD1B7932100061A1E6 /* DataCache.xcdatamodel */ = {isa = PBXFileReference; lastKnownFileType = wrapper.xcdatamodel; path = DataCache.xcdatamodel; sourceTree = "<group>"; };
		95A5948C1B893C530061A1E6 /* Haneke.framework */ = {isa = PBXFileReference; lastKnownFileType = wrapper.framework; name = Haneke.framework; path = ../carthage_dependecies/Carthage/Build/iOS/Haneke.framework; sourceTree = "<group>"; };
		95A5948D1B893C530061A1E6 /* JSONJoy.framework */ = {isa = PBXFileReference; lastKnownFileType = wrapper.framework; name = JSONJoy.framework; path = ../carthage_dependecies/Carthage/Build/iOS/JSONJoy.framework; sourceTree = "<group>"; };
		95A5948E1B893C530061A1E6 /* SwiftHTTP.framework */ = {isa = PBXFileReference; lastKnownFileType = wrapper.framework; name = SwiftHTTP.framework; path = ../carthage_dependecies/Carthage/Build/iOS/SwiftHTTP.framework; sourceTree = "<group>"; };
		95A5948F1B893C530061A1E6 /* Swiftz.framework */ = {isa = PBXFileReference; lastKnownFileType = wrapper.framework; name = Swiftz.framework; path = ../carthage_dependecies/Carthage/Build/iOS/Swiftz.framework; sourceTree = "<group>"; };
		95A594941B893E5E0061A1E6 /* Haneke.framework */ = {isa = PBXFileReference; lastKnownFileType = wrapper.framework; name = Haneke.framework; path = Carthage/Build/iOS/Haneke.framework; sourceTree = "<group>"; };
		95A594951B893E5E0061A1E6 /* JSONJoy.framework */ = {isa = PBXFileReference; lastKnownFileType = wrapper.framework; name = JSONJoy.framework; path = Carthage/Build/iOS/JSONJoy.framework; sourceTree = "<group>"; };
		95A594961B893E5E0061A1E6 /* SwiftHTTP.framework */ = {isa = PBXFileReference; lastKnownFileType = wrapper.framework; name = SwiftHTTP.framework; path = Carthage/Build/iOS/SwiftHTTP.framework; sourceTree = "<group>"; };
		95A594971B893E5E0061A1E6 /* Swiftz.framework */ = {isa = PBXFileReference; lastKnownFileType = wrapper.framework; name = Swiftz.framework; path = Carthage/Build/iOS/Swiftz.framework; sourceTree = "<group>"; };
		95A5949E1B893FB60061A1E6 /* Haneke.framework.dSYM */ = {isa = PBXFileReference; lastKnownFileType = wrapper.dsym; name = Haneke.framework.dSYM; path = Carthage/Build/iOS/Haneke.framework.dSYM; sourceTree = "<group>"; };
		95A5949F1B893FB60061A1E6 /* JSONJoy.framework.dSYM */ = {isa = PBXFileReference; lastKnownFileType = wrapper.dsym; name = JSONJoy.framework.dSYM; path = Carthage/Build/iOS/JSONJoy.framework.dSYM; sourceTree = "<group>"; };
		95A594A01B893FB60061A1E6 /* SwiftHTTP.framework.dSYM */ = {isa = PBXFileReference; lastKnownFileType = wrapper.dsym; name = SwiftHTTP.framework.dSYM; path = Carthage/Build/iOS/SwiftHTTP.framework.dSYM; sourceTree = "<group>"; };
		95A594A11B893FB60061A1E6 /* Swiftz.framework.dSYM */ = {isa = PBXFileReference; lastKnownFileType = wrapper.dsym; name = Swiftz.framework.dSYM; path = Carthage/Build/iOS/Swiftz.framework.dSYM; sourceTree = "<group>"; };
		95ADEF981B8B53580061A1E6 /* HackerspaceAPIFunctions.swift */ = {isa = PBXFileReference; fileEncoding = 4; lastKnownFileType = sourcecode.swift; path = HackerspaceAPIFunctions.swift; sourceTree = "<group>"; };
		95ADEF9A1B8B612F0061A1E6 /* BrightFutures.framework */ = {isa = PBXFileReference; lastKnownFileType = wrapper.framework; name = BrightFutures.framework; path = Carthage/Build/iOS/BrightFutures.framework; sourceTree = "<group>"; };
		95DBD94B1B8CFF360061A1E6 /* Result.framework */ = {isa = PBXFileReference; lastKnownFileType = wrapper.framework; name = Result.framework; path = Carthage/Build/iOS/Result.framework; sourceTree = "<group>"; };
		95DBD94D1B8CFF3E0061A1E6 /* Box.framework */ = {isa = PBXFileReference; lastKnownFileType = wrapper.framework; name = Box.framework; path = Carthage/Build/iOS/Box.framework; sourceTree = "<group>"; };
		95DBD94F1B8D0FC30061A1E6 /* DefaultSearchBarViewController.swift */ = {isa = PBXFileReference; fileEncoding = 4; lastKnownFileType = sourcecode.swift; path = DefaultSearchBarViewController.swift; sourceTree = "<group>"; };
		95DBD9511B8D0FC30061A1E6 /* SearchControllerBaseViewController.swift */ = {isa = PBXFileReference; fileEncoding = 4; lastKnownFileType = sourcecode.swift; path = SearchControllerBaseViewController.swift; sourceTree = "<group>"; };
		95DBD9521B8D0FC30061A1E6 /* SearchBarEmbeddedInNavigationBarViewController.swift */ = {isa = PBXFileReference; fileEncoding = 4; lastKnownFileType = sourcecode.swift; path = SearchBarEmbeddedInNavigationBarViewController.swift; sourceTree = "<group>"; };
		95DBD9571B8D0FF20061A1E6 /* SearchShowResultsInSourceViewController.swift */ = {isa = PBXFileReference; fileEncoding = 4; lastKnownFileType = sourcecode.swift; path = SearchShowResultsInSourceViewController.swift; sourceTree = "<group>"; };
		95DBD9591B8D10120061A1E6 /* SearchResultsViewController.swift */ = {isa = PBXFileReference; fileEncoding = 4; lastKnownFileType = sourcecode.swift; path = SearchResultsViewController.swift; sourceTree = "<group>"; };
		A716B48507D7E59C5E3D6630 /* Pods.framework */ = {isa = PBXFileReference; explicitFileType = wrapper.framework; includeInIndex = 0; path = Pods.framework; sourceTree = BUILT_PRODUCTS_DIR; };
/* End PBXFileReference section */

/* Begin PBXFrameworksBuildPhase section */
		95643FAA1B729B3E0061A1E6 /* Frameworks */ = {
			isa = PBXFrameworksBuildPhase;
			buildActionMask = 2147483647;
			files = (
				95DBD94C1B8CFF360061A1E6 /* Result.framework in Frameworks */,
				95DBD9461B8CFF360061A1E6 /* BrightFutures.framework in Frameworks */,
				95DBD9471B8CFF360061A1E6 /* Haneke.framework in Frameworks */,
				95DBD9481B8CFF360061A1E6 /* JSONJoy.framework in Frameworks */,
				95DBD94E1B8CFF3E0061A1E6 /* Box.framework in Frameworks */,
				95DBD9491B8CFF360061A1E6 /* SwiftHTTP.framework in Frameworks */,
				95DBD94A1B8CFF360061A1E6 /* Swiftz.framework in Frameworks */,
			);
			runOnlyForDeploymentPostprocessing = 0;
		};
		95643FC11B729B3E0061A1E6 /* Frameworks */ = {
			isa = PBXFrameworksBuildPhase;
			buildActionMask = 2147483647;
			files = (
			);
			runOnlyForDeploymentPostprocessing = 0;
		};
/* End PBXFrameworksBuildPhase section */

/* Begin PBXGroup section */
		8178FF0F74739ED96AEB03D5 /* Frameworks */ = {
			isa = PBXGroup;
			children = (
				95DBD94D1B8CFF3E0061A1E6 /* Box.framework */,
				95DBD94B1B8CFF360061A1E6 /* Result.framework */,
				95ADEF9A1B8B612F0061A1E6 /* BrightFutures.framework */,
				95A594941B893E5E0061A1E6 /* Haneke.framework */,
				95A594951B893E5E0061A1E6 /* JSONJoy.framework */,
				95A594961B893E5E0061A1E6 /* SwiftHTTP.framework */,
				95A594971B893E5E0061A1E6 /* Swiftz.framework */,
				95A5948C1B893C530061A1E6 /* Haneke.framework */,
				95A5948D1B893C530061A1E6 /* JSONJoy.framework */,
				95A5948E1B893C530061A1E6 /* SwiftHTTP.framework */,
				95A5948F1B893C530061A1E6 /* Swiftz.framework */,
				A716B48507D7E59C5E3D6630 /* Pods.framework */,
			);
			name = Frameworks;
			sourceTree = "<group>";
		};
		9525AB7E1B8622C70061A1E6 /* favorite hackerspace */ = {
			isa = PBXGroup;
			children = (
				9525AB7C1B8622C10061A1E6 /* FavoriteHackerspaceTableViewController.swift */,
				9525AB7F1B868D160061A1E6 /* HackerspaceTitleTableViewCell.swift */,
				9525AB811B8748010061A1E6 /* HackerspaceMapTableViewCell.swift */,
			);
			name = "favorite hackerspace";
			sourceTree = "<group>";
		};
		95643FA41B729B3E0061A1E6 = {
			isa = PBXGroup;
			children = (
				95A594A61B893FC90061A1E6 /* Debug symbols */,
				95643FAF1B729B3E0061A1E6 /* Hackerspaces */,
				95643FC71B729B3E0061A1E6 /* HackerspacesTests */,
				95643FAE1B729B3E0061A1E6 /* Products */,
				8178FF0F74739ED96AEB03D5 /* Frameworks */,
			);
			sourceTree = "<group>";
		};
		95643FAE1B729B3E0061A1E6 /* Products */ = {
			isa = PBXGroup;
			children = (
				95643FAD1B729B3E0061A1E6 /* Hackerspaces.app */,
				95643FC41B729B3E0061A1E6 /* HackerspacesTests.xctest */,
			);
			name = Products;
			sourceTree = "<group>";
		};
		95643FAF1B729B3E0061A1E6 /* Hackerspaces */ = {
			isa = PBXGroup;
			children = (
				95643FB21B729B3E0061A1E6 /* AppDelegate.swift */,
				95D4B74D1B7D68C80061A1E6 /* Map */,
				95E4B90A1B811F150061A1E6 /* Embeded search */,
				9525AB831B8889D50061A1E6 /* hackerspaceDataFunctions.swift */,
				953C513A1B8F49190061A1E6 /* FutureUtils.swift */,
				95ADEF981B8B53580061A1E6 /* HackerspaceAPIFunctions.swift */,
				9525AB7E1B8622C70061A1E6 /* favorite hackerspace */,
				95643FB81B729B3E0061A1E6 /* Main.storyboard */,
				95643FBB1B729B3E0061A1E6 /* Images.xcassets */,
				95643FBD1B729B3E0061A1E6 /* LaunchScreen.xib */,
				95643FB01B729B3E0061A1E6 /* Supporting Files */,
			);
			path = Hackerspaces;
			sourceTree = "<group>";
		};
		95643FB01B729B3E0061A1E6 /* Supporting Files */ = {
			isa = PBXGroup;
			children = (
				9597A1AC1B7932100061A1E6 /* DataCache.xcdatamodeld */,
				953161861B73B12A0061A1E6 /* extensions.swift */,
				95643FB11B729B3E0061A1E6 /* Info.plist */,
			);
			name = "Supporting Files";
			sourceTree = "<group>";
		};
		95643FC71B729B3E0061A1E6 /* HackerspacesTests */ = {
			isa = PBXGroup;
			children = (
				95643FCA1B729B3E0061A1E6 /* HackerspacesTests.swift */,
				95643FC81B729B3E0061A1E6 /* Supporting Files */,
			);
			path = HackerspacesTests;
			sourceTree = "<group>";
		};
		95643FC81B729B3E0061A1E6 /* Supporting Files */ = {
			isa = PBXGroup;
			children = (
				95643FC91B729B3E0061A1E6 /* Info.plist */,
			);
			name = "Supporting Files";
			sourceTree = "<group>";
		};
		95A594A61B893FC90061A1E6 /* Debug symbols */ = {
			isa = PBXGroup;
			children = (
				95A5949E1B893FB60061A1E6 /* Haneke.framework.dSYM */,
				95A5949F1B893FB60061A1E6 /* JSONJoy.framework.dSYM */,
				95A594A01B893FB60061A1E6 /* SwiftHTTP.framework.dSYM */,
				95A594A11B893FB60061A1E6 /* Swiftz.framework.dSYM */,
			);
			name = "Debug symbols";
			sourceTree = "<group>";
		};
		95D4B74D1B7D68C80061A1E6 /* Map */ = {
			isa = PBXGroup;
			children = (
				95643FB61B729B3E0061A1E6 /* MapViewController.swift */,
				9597A1A81B7921090061A1E6 /* MapArtwork.swift */,
				9597A1AA1B79252F0061A1E6 /* VCMapView.swift */,
			);
			name = Map;
			sourceTree = "<group>";
		};
		95E4B90A1B811F150061A1E6 /* Embeded search */ = {
			isa = PBXGroup;
			children = (
				95DBD9571B8D0FF20061A1E6 /* SearchShowResultsInSourceViewController.swift */,
				95DBD94F1B8D0FC30061A1E6 /* DefaultSearchBarViewController.swift */,
				95DBD9591B8D10120061A1E6 /* SearchResultsViewController.swift */,
				95DBD9511B8D0FC30061A1E6 /* SearchControllerBaseViewController.swift */,
				95DBD9521B8D0FC30061A1E6 /* SearchBarEmbeddedInNavigationBarViewController.swift */,
			);
			name = "Embeded search";
			sourceTree = "<group>";
		};
/* End PBXGroup section */

/* Begin PBXNativeTarget section */
		95643FAC1B729B3E0061A1E6 /* Hackerspaces */ = {
			isa = PBXNativeTarget;
			buildConfigurationList = 95643FCE1B729B3E0061A1E6 /* Build configuration list for PBXNativeTarget "Hackerspaces" */;
			buildPhases = (
				95643FA91B729B3E0061A1E6 /* Sources */,
				95643FAA1B729B3E0061A1E6 /* Frameworks */,
				95643FAB1B729B3E0061A1E6 /* Resources */,
				95A5949C1B893E7E0061A1E6 /* Carthage copy-frameworks */,
				95A5949D1B893F630061A1E6 /* Debug */,
			);
			buildRules = (
			);
			dependencies = (
			);
			name = Hackerspaces;
			productName = Hackerspaces;
			productReference = 95643FAD1B729B3E0061A1E6 /* Hackerspaces.app */;
			productType = "com.apple.product-type.application";
		};
		95643FC31B729B3E0061A1E6 /* HackerspacesTests */ = {
			isa = PBXNativeTarget;
			buildConfigurationList = 95643FD11B729B3E0061A1E6 /* Build configuration list for PBXNativeTarget "HackerspacesTests" */;
			buildPhases = (
				95643FC01B729B3E0061A1E6 /* Sources */,
				95643FC11B729B3E0061A1E6 /* Frameworks */,
				95643FC21B729B3E0061A1E6 /* Resources */,
			);
			buildRules = (
			);
			dependencies = (
				95643FC61B729B3E0061A1E6 /* PBXTargetDependency */,
			);
			name = HackerspacesTests;
			productName = HackerspacesTests;
			productReference = 95643FC41B729B3E0061A1E6 /* HackerspacesTests.xctest */;
			productType = "com.apple.product-type.bundle.unit-test";
		};
/* End PBXNativeTarget section */

/* Begin PBXProject section */
		95643FA51B729B3E0061A1E6 /* Project object */ = {
			isa = PBXProject;
			attributes = {
				LastSwiftUpdateCheck = 0700;
				LastUpgradeCheck = 0640;
				ORGANIZATIONNAME = Fixme;
				TargetAttributes = {
					95643FAC1B729B3E0061A1E6 = {
						CreatedOnToolsVersion = 6.4;
						DevelopmentTeam = 9PXQEQ2PNN;
					};
					95643FC31B729B3E0061A1E6 = {
						CreatedOnToolsVersion = 6.4;
						TestTargetID = 95643FAC1B729B3E0061A1E6;
					};
				};
			};
			buildConfigurationList = 95643FA81B729B3E0061A1E6 /* Build configuration list for PBXProject "Hackerspaces" */;
			compatibilityVersion = "Xcode 3.2";
			developmentRegion = English;
			hasScannedForEncodings = 0;
			knownRegions = (
				en,
				Base,
			);
			mainGroup = 95643FA41B729B3E0061A1E6;
			productRefGroup = 95643FAE1B729B3E0061A1E6 /* Products */;
			projectDirPath = "";
			projectRoot = "";
			targets = (
				95643FAC1B729B3E0061A1E6 /* Hackerspaces */,
				95643FC31B729B3E0061A1E6 /* HackerspacesTests */,
			);
		};
/* End PBXProject section */

/* Begin PBXResourcesBuildPhase section */
		95643FAB1B729B3E0061A1E6 /* Resources */ = {
			isa = PBXResourcesBuildPhase;
			buildActionMask = 2147483647;
			files = (
				95643FBA1B729B3E0061A1E6 /* Main.storyboard in Resources */,
				95643FBF1B729B3E0061A1E6 /* LaunchScreen.xib in Resources */,
				95643FBC1B729B3E0061A1E6 /* Images.xcassets in Resources */,
			);
			runOnlyForDeploymentPostprocessing = 0;
		};
		95643FC21B729B3E0061A1E6 /* Resources */ = {
			isa = PBXResourcesBuildPhase;
			buildActionMask = 2147483647;
			files = (
			);
			runOnlyForDeploymentPostprocessing = 0;
		};
/* End PBXResourcesBuildPhase section */

/* Begin PBXShellScriptBuildPhase section */
		95A5949C1B893E7E0061A1E6 /* Carthage copy-frameworks */ = {
			isa = PBXShellScriptBuildPhase;
			buildActionMask = 2147483647;
			files = (
			);
			inputPaths = (
				"$(SRCROOT)/Carthage/Build/iOS/Haneke.framework",
				"$(SRCROOT)/Carthage/Build/iOS/JSONJoy.framework",
				"$(SRCROOT)/Carthage/Build/iOS/SwiftHTTP.framework",
				"$(SRCROOT)/Carthage/Build/iOS/Swiftz.framework",
				"$(SRCROOT)/Carthage/Build/iOS/BrightFutures.framework",
				"$(SRCROOT)/Carthage/Build/iOS/Result.framework",
				"$(SRCROOT)/Carthage/Build/iOS/Box.framework",
			);
			name = "Carthage copy-frameworks";
			outputPaths = (
			);
			runOnlyForDeploymentPostprocessing = 0;
			shellPath = /bin/sh;
			shellScript = "/usr/local/bin/carthage copy-frameworks";
		};
/* End PBXShellScriptBuildPhase section */

/* Begin PBXSourcesBuildPhase section */
		95643FA91B729B3E0061A1E6 /* Sources */ = {
			isa = PBXSourcesBuildPhase;
			buildActionMask = 2147483647;
			files = (
				9597A1AB1B79252F0061A1E6 /* VCMapView.swift in Sources */,
				95DBD95A1B8D10120061A1E6 /* SearchResultsViewController.swift in Sources */,
				95DBD9551B8D0FC30061A1E6 /* SearchControllerBaseViewController.swift in Sources */,
				95643FB71B729B3E0061A1E6 /* MapViewController.swift in Sources */,
				9525AB801B868D160061A1E6 /* HackerspaceTitleTableViewCell.swift in Sources */,
				953C513B1B8F49190061A1E6 /* FutureUtils.swift in Sources */,
				9525AB841B8889D50061A1E6 /* hackerspaceDataFunctions.swift in Sources */,
				95DBD9561B8D0FC30061A1E6 /* SearchBarEmbeddedInNavigationBarViewController.swift in Sources */,
				9525AB7D1B8622C10061A1E6 /* FavoriteHackerspaceTableViewController.swift in Sources */,
				95DBD9581B8D0FF20061A1E6 /* SearchShowResultsInSourceViewController.swift in Sources */,
				9597A1A91B7921090061A1E6 /* MapArtwork.swift in Sources */,
				95643FB31B729B3E0061A1E6 /* AppDelegate.swift in Sources */,
				9597A1AE1B7932100061A1E6 /* DataCache.xcdatamodeld in Sources */,
				9525AB821B8748010061A1E6 /* HackerspaceMapTableViewCell.swift in Sources */,
				95ADEF991B8B53580061A1E6 /* HackerspaceAPIFunctions.swift in Sources */,
				95DBD9531B8D0FC30061A1E6 /* DefaultSearchBarViewController.swift in Sources */,
				953161871B73B12A0061A1E6 /* extensions.swift in Sources */,
			);
			runOnlyForDeploymentPostprocessing = 0;
		};
		95643FC01B729B3E0061A1E6 /* Sources */ = {
			isa = PBXSourcesBuildPhase;
			buildActionMask = 2147483647;
			files = (
				95643FCB1B729B3E0061A1E6 /* HackerspacesTests.swift in Sources */,
			);
			runOnlyForDeploymentPostprocessing = 0;
		};
/* End PBXSourcesBuildPhase section */

/* Begin PBXTargetDependency section */
		95643FC61B729B3E0061A1E6 /* PBXTargetDependency */ = {
			isa = PBXTargetDependency;
			target = 95643FAC1B729B3E0061A1E6 /* Hackerspaces */;
			targetProxy = 95643FC51B729B3E0061A1E6 /* PBXContainerItemProxy */;
		};
/* End PBXTargetDependency section */

/* Begin PBXVariantGroup section */
		95643FB81B729B3E0061A1E6 /* Main.storyboard */ = {
			isa = PBXVariantGroup;
			children = (
				95643FB91B729B3E0061A1E6 /* Base */,
			);
			name = Main.storyboard;
			sourceTree = "<group>";
		};
		95643FBD1B729B3E0061A1E6 /* LaunchScreen.xib */ = {
			isa = PBXVariantGroup;
			children = (
				95643FBE1B729B3E0061A1E6 /* Base */,
			);
			name = LaunchScreen.xib;
			sourceTree = "<group>";
		};
/* End PBXVariantGroup section */

/* Begin XCBuildConfiguration section */
		95643FCC1B729B3E0061A1E6 /* Debug */ = {
			isa = XCBuildConfiguration;
			buildSettings = {
				ALWAYS_SEARCH_USER_PATHS = NO;
				CLANG_CXX_LANGUAGE_STANDARD = "gnu++0x";
				CLANG_CXX_LIBRARY = "libc++";
				CLANG_ENABLE_MODULES = YES;
				CLANG_ENABLE_OBJC_ARC = YES;
				CLANG_WARN_BOOL_CONVERSION = YES;
				CLANG_WARN_CONSTANT_CONVERSION = YES;
				CLANG_WARN_DIRECT_OBJC_ISA_USAGE = YES_ERROR;
				CLANG_WARN_EMPTY_BODY = YES;
				CLANG_WARN_ENUM_CONVERSION = YES;
				CLANG_WARN_INT_CONVERSION = YES;
				CLANG_WARN_OBJC_ROOT_CLASS = YES_ERROR;
				CLANG_WARN_UNREACHABLE_CODE = YES;
				CLANG_WARN__DUPLICATE_METHOD_MATCH = YES;
				"CODE_SIGN_IDENTITY[sdk=iphoneos*]" = "iPhone Developer";
				COPY_PHASE_STRIP = NO;
				DEBUG_INFORMATION_FORMAT = "dwarf-with-dsym";
				ENABLE_STRICT_OBJC_MSGSEND = YES;
				GCC_C_LANGUAGE_STANDARD = gnu99;
				GCC_DYNAMIC_NO_PIC = NO;
				GCC_NO_COMMON_BLOCKS = YES;
				GCC_OPTIMIZATION_LEVEL = 0;
				GCC_PREPROCESSOR_DEFINITIONS = (
					"DEBUG=1",
					"$(inherited)",
				);
				GCC_SYMBOLS_PRIVATE_EXTERN = NO;
				GCC_WARN_64_TO_32_BIT_CONVERSION = YES;
				GCC_WARN_ABOUT_RETURN_TYPE = YES_ERROR;
				GCC_WARN_UNDECLARED_SELECTOR = YES;
				GCC_WARN_UNINITIALIZED_AUTOS = YES_AGGRESSIVE;
				GCC_WARN_UNUSED_FUNCTION = YES;
				GCC_WARN_UNUSED_VARIABLE = YES;
				IPHONEOS_DEPLOYMENT_TARGET = 8.4;
				MTL_ENABLE_DEBUG_INFO = YES;
				ONLY_ACTIVE_ARCH = YES;
				SDKROOT = iphoneos;
				SWIFT_OPTIMIZATION_LEVEL = "-Onone";
				TARGETED_DEVICE_FAMILY = "1,2";
			};
			name = Debug;
		};
		95643FCD1B729B3E0061A1E6 /* Release */ = {
			isa = XCBuildConfiguration;
			buildSettings = {
				ALWAYS_SEARCH_USER_PATHS = NO;
				CLANG_CXX_LANGUAGE_STANDARD = "gnu++0x";
				CLANG_CXX_LIBRARY = "libc++";
				CLANG_ENABLE_MODULES = YES;
				CLANG_ENABLE_OBJC_ARC = YES;
				CLANG_WARN_BOOL_CONVERSION = YES;
				CLANG_WARN_CONSTANT_CONVERSION = YES;
				CLANG_WARN_DIRECT_OBJC_ISA_USAGE = YES_ERROR;
				CLANG_WARN_EMPTY_BODY = YES;
				CLANG_WARN_ENUM_CONVERSION = YES;
				CLANG_WARN_INT_CONVERSION = YES;
				CLANG_WARN_OBJC_ROOT_CLASS = YES_ERROR;
				CLANG_WARN_UNREACHABLE_CODE = YES;
				CLANG_WARN__DUPLICATE_METHOD_MATCH = YES;
				"CODE_SIGN_IDENTITY[sdk=iphoneos*]" = "iPhone Developer";
				COPY_PHASE_STRIP = NO;
				DEBUG_INFORMATION_FORMAT = "dwarf-with-dsym";
				ENABLE_NS_ASSERTIONS = NO;
				ENABLE_STRICT_OBJC_MSGSEND = YES;
				GCC_C_LANGUAGE_STANDARD = gnu99;
				GCC_NO_COMMON_BLOCKS = YES;
				GCC_WARN_64_TO_32_BIT_CONVERSION = YES;
				GCC_WARN_ABOUT_RETURN_TYPE = YES_ERROR;
				GCC_WARN_UNDECLARED_SELECTOR = YES;
				GCC_WARN_UNINITIALIZED_AUTOS = YES_AGGRESSIVE;
				GCC_WARN_UNUSED_FUNCTION = YES;
				GCC_WARN_UNUSED_VARIABLE = YES;
				IPHONEOS_DEPLOYMENT_TARGET = 8.4;
				MTL_ENABLE_DEBUG_INFO = NO;
				SDKROOT = iphoneos;
				TARGETED_DEVICE_FAMILY = "1,2";
				VALIDATE_PRODUCT = YES;
			};
			name = Release;
		};
		95643FCF1B729B3E0061A1E6 /* Debug */ = {
			isa = XCBuildConfiguration;
			buildSettings = {
				ASSETCATALOG_COMPILER_APPICON_NAME = AppIcon;
				CODE_SIGN_IDENTITY = "iPhone Developer";
				"CODE_SIGN_IDENTITY[sdk=iphoneos*]" = "iPhone Developer";
				FRAMEWORK_SEARCH_PATHS = (
					"$(inherited)",
					/Users/zephyz/Documents/Projects/iOS/carthage_dependecies/Carthage/Build/iOS,
					"$(PROJECT_DIR)/Carthage/Build/iOS",
				);
				INFOPLIST_FILE = Hackerspaces/Info.plist;
				LD_RUNPATH_SEARCH_PATHS = "$(inherited) @executable_path/Frameworks";
				PRODUCT_NAME = "$(TARGET_NAME)";
				PROVISIONING_PROFILE = "";
			};
			name = Debug;
		};
		95643FD01B729B3E0061A1E6 /* Release */ = {
			isa = XCBuildConfiguration;
			buildSettings = {
				ASSETCATALOG_COMPILER_APPICON_NAME = AppIcon;
				CODE_SIGN_IDENTITY = "iPhone Developer";
				"CODE_SIGN_IDENTITY[sdk=iphoneos*]" = "iPhone Developer";
				FRAMEWORK_SEARCH_PATHS = (
					"$(inherited)",
					/Users/zephyz/Documents/Projects/iOS/carthage_dependecies/Carthage/Build/iOS,
					"$(PROJECT_DIR)/Carthage/Build/iOS",
				);
				INFOPLIST_FILE = Hackerspaces/Info.plist;
				LD_RUNPATH_SEARCH_PATHS = "$(inherited) @executable_path/Frameworks";
				PRODUCT_NAME = "$(TARGET_NAME)";
				PROVISIONING_PROFILE = "";
			};
			name = Release;
		};
		95643FD21B729B3E0061A1E6 /* Debug */ = {
			isa = XCBuildConfiguration;
			buildSettings = {
				BUNDLE_LOADER = "$(TEST_HOST)";
				FRAMEWORK_SEARCH_PATHS = (
					"$(SDKROOT)/Developer/Library/Frameworks",
					"$(inherited)",
				);
				GCC_PREPROCESSOR_DEFINITIONS = (
					"DEBUG=1",
					"$(inherited)",
				);
				INFOPLIST_FILE = HackerspacesTests/Info.plist;
				LD_RUNPATH_SEARCH_PATHS = "$(inherited) @executable_path/Frameworks @loader_path/Frameworks";
				PRODUCT_NAME = "$(TARGET_NAME)";
				TEST_HOST = "$(BUILT_PRODUCTS_DIR)/Hackerspaces.app/Hackerspaces";
			};
			name = Debug;
		};
		95643FD31B729B3E0061A1E6 /* Release */ = {
			isa = XCBuildConfiguration;
			buildSettings = {
				BUNDLE_LOADER = "$(TEST_HOST)";
				FRAMEWORK_SEARCH_PATHS = (
					"$(SDKROOT)/Developer/Library/Frameworks",
					"$(inherited)",
				);
				INFOPLIST_FILE = HackerspacesTests/Info.plist;
				LD_RUNPATH_SEARCH_PATHS = "$(inherited) @executable_path/Frameworks @loader_path/Frameworks";
				PRODUCT_NAME = "$(TARGET_NAME)";
				TEST_HOST = "$(BUILT_PRODUCTS_DIR)/Hackerspaces.app/Hackerspaces";
			};
			name = Release;
		};
/* End XCBuildConfiguration section */

/* Begin XCConfigurationList section */
		95643FA81B729B3E0061A1E6 /* Build configuration list for PBXProject "Hackerspaces" */ = {
			isa = XCConfigurationList;
			buildConfigurations = (
				95643FCC1B729B3E0061A1E6 /* Debug */,
				95643FCD1B729B3E0061A1E6 /* Release */,
			);
			defaultConfigurationIsVisible = 0;
			defaultConfigurationName = Release;
		};
		95643FCE1B729B3E0061A1E6 /* Build configuration list for PBXNativeTarget "Hackerspaces" */ = {
			isa = XCConfigurationList;
			buildConfigurations = (
				95643FCF1B729B3E0061A1E6 /* Debug */,
				95643FD01B729B3E0061A1E6 /* Release */,
			);
			defaultConfigurationIsVisible = 0;
			defaultConfigurationName = Release;
		};
		95643FD11B729B3E0061A1E6 /* Build configuration list for PBXNativeTarget "HackerspacesTests" */ = {
			isa = XCConfigurationList;
			buildConfigurations = (
				95643FD21B729B3E0061A1E6 /* Debug */,
				95643FD31B729B3E0061A1E6 /* Release */,
			);
			defaultConfigurationIsVisible = 0;
			defaultConfigurationName = Release;
		};
/* End XCConfigurationList section */

/* Begin XCVersionGroup section */
		9597A1AC1B7932100061A1E6 /* DataCache.xcdatamodeld */ = {
			isa = XCVersionGroup;
			children = (
				9597A1AD1B7932100061A1E6 /* DataCache.xcdatamodel */,
			);
			currentVersion = 9597A1AD1B7932100061A1E6 /* DataCache.xcdatamodel */;
			path = DataCache.xcdatamodeld;
			sourceTree = "<group>";
			versionGroupType = wrapper.xcdatamodel;
		};
/* End XCVersionGroup section */
	};
	rootObject = 95643FA51B729B3E0061A1E6 /* Project object */;
}
